PODS:
  - AFNetworking (3.2.0):
    - AFNetworking/NSURLSession (= 3.2.0)
    - AFNetworking/Reachability (= 3.2.0)
    - AFNetworking/Security (= 3.2.0)
    - AFNetworking/Serialization (= 3.2.0)
    - AFNetworking/UIKit (= 3.2.0)
  - AFNetworking/NSURLSession (3.2.0):
    - AFNetworking/Reachability
    - AFNetworking/Security
    - AFNetworking/Serialization
  - AFNetworking/Reachability (3.2.0)
  - AFNetworking/Security (3.2.0)
  - AFNetworking/Serialization (3.2.0)
  - AFNetworking/UIKit (3.2.0):
    - AFNetworking/NSURLSession
  - CocoaLumberjack (3.4.1):
    - CocoaLumberjack/Default (= 3.4.1)
    - CocoaLumberjack/Extensions (= 3.4.1)
  - CocoaLumberjack/Default (3.4.1)
  - CocoaLumberjack/Extensions (3.4.1):
    - CocoaLumberjack/Default
  - CYLTabBarController (1.17.6)
  - Masonry (1.1.0)
  - "UIAlertController+Blocks (0.9.2)"

DEPENDENCIES:
  - AFNetworking (~> 3.0)
  - CocoaLumberjack
  - CYLTabBarController
  - Masonry
  - "UIAlertController+Blocks"

SPEC REPOS:
  https://github.com/CocoaPods/Specs.git:
    - AFNetworking
    - CocoaLumberjack
    - CYLTabBarController
    - Masonry
    - "UIAlertController+Blocks"

SPEC CHECKSUMS:
  AFNetworking: 8ac6017b94ea105479f7776e5288e48ae9c59bb4
  CocoaLumberjack: 2e258a064cacc8eb9a2aca318e24d02a0a7fd56d
  CYLTabBarController: c374643dea6dadece8bdff9c70f7387f8ffd7d08
  Masonry: 678fab65091a9290e40e2832a55e7ab731aad201
  "UIAlertController+Blocks": 80e28b92523fb58aba4d1bccec013d5a0b0bddb2

PODFILE CHECKSUM: 8dcb45f8f3047b1b839ef340931f359059aca63e

COCOAPODS: 1.5.0
