// !$*UTF8*$!
{
	archiveVersion = 1;
	classes = {
	};
	objectVersion = 51;
	objects = {

/* Begin PBXBuildFile section */
		7E042922209197A3009BCABB /* ATKVCViewController.m in Sources */ = {isa = PBXBuildFile; fileRef = 7E042921209197A3009BCABB /* ATKVCViewController.m */; };
		7E04292520919ACC009BCABB /* ATStudentKVCModel.m in Sources */ = {isa = PBXBuildFile; fileRef = 7E04292420919ACC009BCABB /* ATStudentKVCModel.m */; };
		7E0A9B9A2073673100524B2D /* AppDelegate.m in Sources */ = {isa = PBXBuildFile; fileRef = 7E0A9B992073673100524B2D /* AppDelegate.m */; };
		7E0A9B9D2073673100524B2D /* ViewController.m in Sources */ = {isa = PBXBuildFile; fileRef = 7E0A9B9C2073673100524B2D /* ViewController.m */; };
		7E0A9BA02073673100524B2D /* Main.storyboard in Resources */ = {isa = PBXBuildFile; fileRef = 7E0A9B9E2073673100524B2D /* Main.storyboard */; };
		7E0A9BA22073673300524B2D /* Assets.xcassets in Resources */ = {isa = PBXBuildFile; fileRef = 7E0A9BA12073673300524B2D /* Assets.xcassets */; };
		7E0A9BA52073673300524B2D /* LaunchScreen.storyboard in Resources */ = {isa = PBXBuildFile; fileRef = 7E0A9BA32073673300524B2D /* LaunchScreen.storyboard */; };
		7E0A9BA82073673400524B2D /* main.m in Sources */ = {isa = PBXBuildFile; fileRef = 7E0A9BA72073673400524B2D /* main.m */; };
		7E0A9BB22073673400524B2D /* iOSLearnTests.m in Sources */ = {isa = PBXBuildFile; fileRef = 7E0A9BB12073673400524B2D /* iOSLearnTests.m */; };
		7E0A9BBD2073673400524B2D /* iOSLearnUITests.m in Sources */ = {isa = PBXBuildFile; fileRef = 7E0A9BBC2073673400524B2D /* iOSLearnUITests.m */; };
		7E0A9BCD207367C700524B2D /* Student.m in Sources */ = {isa = PBXBuildFile; fileRef = 7E0A9BCC207367C700524B2D /* Student.m */; };
		7E0A9BD0207377C300524B2D /* HomeViewController.m in Sources */ = {isa = PBXBuildFile; fileRef = 7E0A9BCF207377C300524B2D /* HomeViewController.m */; };
		7E0E18AE207381A300B6C1F9 /* ATDeepShallowCopyViewController.m in Sources */ = {isa = PBXBuildFile; fileRef = 7E0E18AD207381A300B6C1F9 /* ATDeepShallowCopyViewController.m */; };
		7E0E18B1207382EA00B6C1F9 /* ATBaseViewController.m in Sources */ = {isa = PBXBuildFile; fileRef = 7E0E18B0207382EA00B6C1F9 /* ATBaseViewController.m */; };
		7E1DA95123979075000C105B /* ATDaoFactory.m in Sources */ = {isa = PBXBuildFile; fileRef = 7E1DA95023979075000C105B /* ATDaoFactory.m */; };
		7E1DA95623979445000C105B /* ATStatistics.m in Sources */ = {isa = PBXBuildFile; fileRef = 7E1DA95523979445000C105B /* ATStatistics.m */; };
		7E1DA95823979A00000C105B /* BuriedPoint.plist in Resources */ = {isa = PBXBuildFile; fileRef = 7E1DA95723979A00000C105B /* BuriedPoint.plist */; };
		7E1DA95B2397B686000C105B /* ATBaseLogicDaoImpl.m in Sources */ = {isa = PBXBuildFile; fileRef = 7E1DA9592397B686000C105B /* ATBaseLogicDaoImpl.m */; };
		7E1DA95E2397B73F000C105B /* ATPageVisitLogicDaoImpl.m in Sources */ = {isa = PBXBuildFile; fileRef = 7E1DA95D2397B73F000C105B /* ATPageVisitLogicDaoImpl.m */; };
		7E1DA9622397B897000C105B /* ATPageVisitModel.m in Sources */ = {isa = PBXBuildFile; fileRef = 7E1DA9612397B897000C105B /* ATPageVisitModel.m */; };
		7E49EFB32078836700405ED0 /* ATOldCommonTableView.m in Sources */ = {isa = PBXBuildFile; fileRef = 7E49EFB22078836700405ED0 /* ATOldCommonTableView.m */; };
		7E5599E520995B0D00EC307A /* ATTimerViewController.m in Sources */ = {isa = PBXBuildFile; fileRef = 7E5599E420995B0D00EC307A /* ATTimerViewController.m */; };
		7E5A58D02394BAA700B3FD4B /* ATContentViewController.m in Sources */ = {isa = PBXBuildFile; fileRef = 7E5A58CF2394BAA700B3FD4B /* ATContentViewController.m */; };
		7E5A58D42394E6D400B3FD4B /* ATBaseNavigationController.m in Sources */ = {isa = PBXBuildFile; fileRef = 7E5A58D22394E6D400B3FD4B /* ATBaseNavigationController.m */; };
		7E5A58D72394F18B00B3FD4B /* ATBasePresenter.m in Sources */ = {isa = PBXBuildFile; fileRef = 7E5A58D62394F18B00B3FD4B /* ATBasePresenter.m */; };
		7E5A58DA2394F1A500B3FD4B /* ATInterviewPresenter.m in Sources */ = {isa = PBXBuildFile; fileRef = 7E5A58D92394F1A500B3FD4B /* ATInterviewPresenter.m */; };
		7E5A58F22394F3BD00B3FD4B /* ATCommonTableView.m in Sources */ = {isa = PBXBuildFile; fileRef = 7E5A58EE2394F3BD00B3FD4B /* ATCommonTableView.m */; };
		7E5A58F32394F3BD00B3FD4B /* ATCommonTableData.m in Sources */ = {isa = PBXBuildFile; fileRef = 7E5A58EF2394F3BD00B3FD4B /* ATCommonTableData.m */; };
		7E5A58F42394F3BD00B3FD4B /* ATTableViewAdapter.m in Sources */ = {isa = PBXBuildFile; fileRef = 7E5A58F12394F3BD00B3FD4B /* ATTableViewAdapter.m */; };
		7E5A58F82394F40E00B3FD4B /* UIView+ATKit.m in Sources */ = {isa = PBXBuildFile; fileRef = 7E5A58F72394F40E00B3FD4B /* UIView+ATKit.m */; };
		7E5A58FC2394FF2D00B3FD4B /* ATViewRelatedPresenter.m in Sources */ = {isa = PBXBuildFile; fileRef = 7E5A58FB2394FF2D00B3FD4B /* ATViewRelatedPresenter.m */; };
		7E5A59042395133600B3FD4B /* ATQuestionModel.m in Sources */ = {isa = PBXBuildFile; fileRef = 7E5A59032395133600B3FD4B /* ATQuestionModel.m */; };
		7E5A59072395135600B3FD4B /* ATBaseModel.m in Sources */ = {isa = PBXBuildFile; fileRef = 7E5A59062395135600B3FD4B /* ATBaseModel.m */; };
		7E5A5908239514EB00B3FD4B /* ATInterviewQuestions.json in Resources */ = {isa = PBXBuildFile; fileRef = 7E5A590123950CAE00B3FD4B /* ATInterviewQuestions.json */; };
		7E7D4C59207EFA66003EBEC1 /* ATPoolViewController.m in Sources */ = {isa = PBXBuildFile; fileRef = 7E7D4C58207EFA66003EBEC1 /* ATPoolViewController.m */; };
		7E8E1EDD2398DE0100DF039B /* ATAlgorithmViewController.m in Sources */ = {isa = PBXBuildFile; fileRef = 7E8E1EDC2398DE0100DF039B /* ATAlgorithmViewController.m */; };
		7E8E1EE02398E09500DF039B /* ATAlgorithmPresenter.m in Sources */ = {isa = PBXBuildFile; fileRef = 7E8E1EDF2398E09500DF039B /* ATAlgorithmPresenter.m */; };
		7E8E1EEB2399255200DF039B /* BBLinkedMap.m in Sources */ = {isa = PBXBuildFile; fileRef = 7E8E1EE72399255200DF039B /* BBLinkedMap.m */; };
		7E8E1EEC2399255200DF039B /* BBSingleLinkedList.m in Sources */ = {isa = PBXBuildFile; fileRef = 7E8E1EEA2399255200DF039B /* BBSingleLinkedList.m */; };
		7E8E1EEF2399259600DF039B /* ATLinkedListViewController.m in Sources */ = {isa = PBXBuildFile; fileRef = 7E8E1EEE2399259600DF039B /* ATLinkedListViewController.m */; };
		7E97EC2620944A1000F81D57 /* ATStorageViewController.m in Sources */ = {isa = PBXBuildFile; fileRef = 7E97EC2520944A1000F81D57 /* ATStorageViewController.m */; };
		7E97EC2920944A8200F81D57 /* ATKeyedArchiverModel.m in Sources */ = {isa = PBXBuildFile; fileRef = 7E97EC2820944A8200F81D57 /* ATKeyedArchiverModel.m */; };
		7EB506202225437F00F7D957 /* ATStoreViewController.m in Sources */ = {isa = PBXBuildFile; fileRef = 7EB5061F2225437F00F7D957 /* ATStoreViewController.m */; };
		7EB506242225447A00F7D957 /* ATStoreArchiverViewController.m in Sources */ = {isa = PBXBuildFile; fileRef = 7EB506232225447A00F7D957 /* ATStoreArchiverViewController.m */; };
		7EB64EF4207B4C780069AEA1 /* ATKVOViewController.m in Sources */ = {isa = PBXBuildFile; fileRef = 7EB64EF2207B4C780069AEA1 /* ATKVOViewController.m */; };
		7EB64EF5207B4C780069AEA1 /* ATKVOViewController.xib in Resources */ = {isa = PBXBuildFile; fileRef = 7EB64EF3207B4C780069AEA1 /* ATKVOViewController.xib */; };
		7EB64EF8207B4FF80069AEA1 /* ATKVOModel.m in Sources */ = {isa = PBXBuildFile; fileRef = 7EB64EF7207B4FF80069AEA1 /* ATKVOModel.m */; };
		7EC603012396635400E27387 /* ATBaseTableViewCell.m in Sources */ = {isa = PBXBuildFile; fileRef = 7EC603002396635400E27387 /* ATBaseTableViewCell.m */; };
		7EC603042396638A00E27387 /* ATRuntimeCell.m in Sources */ = {isa = PBXBuildFile; fileRef = 7EC603032396638A00E27387 /* ATRuntimeCell.m */; };
		7ED58A3820805C6500ABEA3D /* ATMultiThreadViewController.m in Sources */ = {isa = PBXBuildFile; fileRef = 7ED58A3720805C6500ABEA3D /* ATMultiThreadViewController.m */; };
		7EDD7E7A238FCA6F001466E2 /* ATTabBarControllerConfig.m in Sources */ = {isa = PBXBuildFile; fileRef = 7EDD7E79238FCA6F001466E2 /* ATTabBarControllerConfig.m */; };
		7EDD7E7F238FCD21001466E2 /* ATInterviewViewController.m in Sources */ = {isa = PBXBuildFile; fileRef = 7EDD7E7E238FCD21001466E2 /* ATInterviewViewController.m */; };
		7EDD7E87238FD0D5001466E2 /* UILabel+ATHelper.m in Sources */ = {isa = PBXBuildFile; fileRef = 7EDD7E85238FD0D5001466E2 /* UILabel+ATHelper.m */; };
		7EDD7E88238FD0D5001466E2 /* UILabel+ATChangeLineSpaceAndWordSpace.m in Sources */ = {isa = PBXBuildFile; fileRef = 7EDD7E86238FD0D5001466E2 /* UILabel+ATChangeLineSpaceAndWordSpace.m */; };
		7EDD7E8C238FD0DB001466E2 /* UIButton+ATHelper.m in Sources */ = {isa = PBXBuildFile; fileRef = 7EDD7E8B238FD0DB001466E2 /* UIButton+ATHelper.m */; };
		7EDD7E90238FD0F6001466E2 /* UIControl+ATFixMultiClick.m in Sources */ = {isa = PBXBuildFile; fileRef = 7EDD7E8E238FD0F6001466E2 /* UIControl+ATFixMultiClick.m */; };
		7EDD7E94238FED2A001466E2 /* ATViewRelatedController.m in Sources */ = {isa = PBXBuildFile; fileRef = 7EDD7E93238FED29001466E2 /* ATViewRelatedController.m */; };
		7EDD7E97238FEDA5001466E2 /* ATViewAndLayerController.m in Sources */ = {isa = PBXBuildFile; fileRef = 7EDD7E96238FEDA5001466E2 /* ATViewAndLayerController.m */; };
		7EDDE6F220962A11001A14E8 /* ATOperationViewController.m in Sources */ = {isa = PBXBuildFile; fileRef = 7EDDE6F120962A11001A14E8 /* ATOperationViewController.m */; };
		7EDDE6F520962A4F001A14E8 /* ATOperationModel.m in Sources */ = {isa = PBXBuildFile; fileRef = 7EDDE6F420962A4F001A14E8 /* ATOperationModel.m */; };
		7EDDE6F820962B31001A14E8 /* ATMultiThreadViewModel.m in Sources */ = {isa = PBXBuildFile; fileRef = 7EDDE6F720962B31001A14E8 /* ATMultiThreadViewModel.m */; };
		7EDDE6FC20962E52001A14E8 /* ATGCDViewController.m in Sources */ = {isa = PBXBuildFile; fileRef = 7EDDE6FB20962E52001A14E8 /* ATGCDViewController.m */; };
		7EE1F00F2079BDEE00783702 /* ATDetailCodeViewController.m in Sources */ = {isa = PBXBuildFile; fileRef = 7EE1F00E2079BDEE00783702 /* ATDetailCodeViewController.m */; };
		7EE1F0122079BFC800783702 /* ATBaseViewModel.m in Sources */ = {isa = PBXBuildFile; fileRef = 7EE1F0112079BFC800783702 /* ATBaseViewModel.m */; };
		7EE1F0152079C01600783702 /* ATRuntimeViewModel.m in Sources */ = {isa = PBXBuildFile; fileRef = 7EE1F0142079C01600783702 /* ATRuntimeViewModel.m */; };
		7EE1F0192079FE0500783702 /* runtimeDemo.md in Resources */ = {isa = PBXBuildFile; fileRef = 7EE1F0182079FE0500783702 /* runtimeDemo.md */; };
		7EE1F01C207A0B2E00783702 /* ATOldCommonTableModel.m in Sources */ = {isa = PBXBuildFile; fileRef = 7EE1F01B207A0B2E00783702 /* ATOldCommonTableModel.m */; };
		7EE8280E20A575C200B4E7D3 /* ATThreadViewController.m in Sources */ = {isa = PBXBuildFile; fileRef = 7EE8280D20A575C200B4E7D3 /* ATThreadViewController.m */; };
		7EE8281120A583D400B4E7D3 /* ATThreadViewModel.m in Sources */ = {isa = PBXBuildFile; fileRef = 7EE8281020A583D400B4E7D3 /* ATThreadViewModel.m */; };
		7EE8281620A584E100B4E7D3 /* ATThreadSaleTicketViewController.m in Sources */ = {isa = PBXBuildFile; fileRef = 7EE8281520A584E100B4E7D3 /* ATThreadSaleTicketViewController.m */; };
		7EE8281A20A584FB00B4E7D3 /* ATThreadMemoryViewController.m in Sources */ = {isa = PBXBuildFile; fileRef = 7EE8281920A584FB00B4E7D3 /* ATThreadMemoryViewController.m */; };
		7EE8281E20A59D2500B4E7D3 /* ATThreadRunLoopViewController.m in Sources */ = {isa = PBXBuildFile; fileRef = 7EE8281D20A59D2500B4E7D3 /* ATThreadRunLoopViewController.m */; };
		7EE8282120A59D7E00B4E7D3 /* Foo.m in Sources */ = {isa = PBXBuildFile; fileRef = 7EE8282020A59D7E00B4E7D3 /* Foo.m */; };
		7EF63E10207466EB00F6F841 /* ATRuntimeViewController.m in Sources */ = {isa = PBXBuildFile; fileRef = 7EF63E0F207466EB00F6F841 /* ATRuntimeViewController.m */; };
		7EF63E13207466FD00F6F841 /* ATRuntimePerson.m in Sources */ = {isa = PBXBuildFile; fileRef = 7EF63E12207466FD00F6F841 /* ATRuntimePerson.m */; };
		7EF63E162074708700F6F841 /* ATPerson+addProperty.m in Sources */ = {isa = PBXBuildFile; fileRef = 7EF63E152074708700F6F841 /* ATPerson+addProperty.m */; };
		7EFF53A42092CA4800938F24 /* ATSortViewController.m in Sources */ = {isa = PBXBuildFile; fileRef = 7EFF53A32092CA4800938F24 /* ATSortViewController.m */; };
		7EFF53A72092CAA000938F24 /* ATSortViewModel.m in Sources */ = {isa = PBXBuildFile; fileRef = 7EFF53A62092CAA000938F24 /* ATSortViewModel.m */; };
		7EFF53AC2092F1FF00938F24 /* ATBlockViewController.m in Sources */ = {isa = PBXBuildFile; fileRef = 7EFF53AB2092F1FF00938F24 /* ATBlockViewController.m */; };
		7EFF53AF2092FE2800938F24 /* ATTestViewController.m in Sources */ = {isa = PBXBuildFile; fileRef = 7EFF53AE2092FE2800938F24 /* ATTestViewController.m */; };
		EDE8CB2B81DAB64A6541CCD7 /* libPods-iOSLearn.a in Frameworks */ = {isa = PBXBuildFile; fileRef = 71553DBFEA62B0121DE4B2E3 /* libPods-iOSLearn.a */; };
/* End PBXBuildFile section */

/* Begin PBXContainerItemProxy section */
		7E0A9BAE2073673400524B2D /* PBXContainerItemProxy */ = {
			isa = PBXContainerItemProxy;
			containerPortal = 7E0A9B8D2073673100524B2D /* Project object */;
			proxyType = 1;
			remoteGlobalIDString = 7E0A9B942073673100524B2D;
			remoteInfo = iOSLearn;
		};
		7E0A9BB92073673400524B2D /* PBXContainerItemProxy */ = {
			isa = PBXContainerItemProxy;
			containerPortal = 7E0A9B8D2073673100524B2D /* Project object */;
			proxyType = 1;
			remoteGlobalIDString = 7E0A9B942073673100524B2D;
			remoteInfo = iOSLearn;
		};
/* End PBXContainerItemProxy section */

/* Begin PBXFileReference section */
		0D2F83B2AF978F74272CFF11 /* Pods-iOSLearn.release.xcconfig */ = {isa = PBXFileReference; includeInIndex = 1; lastKnownFileType = text.xcconfig; name = "Pods-iOSLearn.release.xcconfig"; path = "Pods/Target Support Files/Pods-iOSLearn/Pods-iOSLearn.release.xcconfig"; sourceTree = "<group>"; };
		1AFCFE7C66193EB40A569E43 /* Pods-iOSLearn.debug.xcconfig */ = {isa = PBXFileReference; includeInIndex = 1; lastKnownFileType = text.xcconfig; name = "Pods-iOSLearn.debug.xcconfig"; path = "Pods/Target Support Files/Pods-iOSLearn/Pods-iOSLearn.debug.xcconfig"; sourceTree = "<group>"; };
		71553DBFEA62B0121DE4B2E3 /* libPods-iOSLearn.a */ = {isa = PBXFileReference; explicitFileType = archive.ar; includeInIndex = 0; path = "libPods-iOSLearn.a"; sourceTree = BUILT_PRODUCTS_DIR; };
		7E042920209197A3009BCABB /* ATKVCViewController.h */ = {isa = PBXFileReference; lastKnownFileType = sourcecode.c.h; path = ATKVCViewController.h; sourceTree = "<group>"; };
		7E042921209197A3009BCABB /* ATKVCViewController.m */ = {isa = PBXFileReference; lastKnownFileType = sourcecode.c.objc; path = ATKVCViewController.m; sourceTree = "<group>"; };
		7E04292320919ACC009BCABB /* ATStudentKVCModel.h */ = {isa = PBXFileReference; lastKnownFileType = sourcecode.c.h; path = ATStudentKVCModel.h; sourceTree = "<group>"; };
		7E04292420919ACC009BCABB /* ATStudentKVCModel.m */ = {isa = PBXFileReference; lastKnownFileType = sourcecode.c.objc; path = ATStudentKVCModel.m; sourceTree = "<group>"; };
		7E0A9B952073673100524B2D /* iOSLearn.app */ = {isa = PBXFileReference; explicitFileType = wrapper.application; includeInIndex = 0; path = iOSLearn.app; sourceTree = BUILT_PRODUCTS_DIR; };
		7E0A9B982073673100524B2D /* AppDelegate.h */ = {isa = PBXFileReference; lastKnownFileType = sourcecode.c.h; path = AppDelegate.h; sourceTree = "<group>"; };
		7E0A9B992073673100524B2D /* AppDelegate.m */ = {isa = PBXFileReference; lastKnownFileType = sourcecode.c.objc; path = AppDelegate.m; sourceTree = "<group>"; };
		7E0A9B9B2073673100524B2D /* ViewController.h */ = {isa = PBXFileReference; lastKnownFileType = sourcecode.c.h; path = ViewController.h; sourceTree = "<group>"; };
		7E0A9B9C2073673100524B2D /* ViewController.m */ = {isa = PBXFileReference; lastKnownFileType = sourcecode.c.objc; path = ViewController.m; sourceTree = "<group>"; };
		7E0A9B9F2073673100524B2D /* Base */ = {isa = PBXFileReference; lastKnownFileType = file.storyboard; name = Base; path = Base.lproj/Main.storyboard; sourceTree = "<group>"; };
		7E0A9BA12073673300524B2D /* Assets.xcassets */ = {isa = PBXFileReference; lastKnownFileType = folder.assetcatalog; path = Assets.xcassets; sourceTree = "<group>"; };
		7E0A9BA42073673300524B2D /* Base */ = {isa = PBXFileReference; lastKnownFileType = file.storyboard; name = Base; path = Base.lproj/LaunchScreen.storyboard; sourceTree = "<group>"; };
		7E0A9BA62073673300524B2D /* Info.plist */ = {isa = PBXFileReference; lastKnownFileType = text.plist.xml; path = Info.plist; sourceTree = "<group>"; };
		7E0A9BA72073673400524B2D /* main.m */ = {isa = PBXFileReference; lastKnownFileType = sourcecode.c.objc; path = main.m; sourceTree = "<group>"; };
		7E0A9BAD2073673400524B2D /* iOSLearnTests.xctest */ = {isa = PBXFileReference; explicitFileType = wrapper.cfbundle; includeInIndex = 0; path = iOSLearnTests.xctest; sourceTree = BUILT_PRODUCTS_DIR; };
		7E0A9BB12073673400524B2D /* iOSLearnTests.m */ = {isa = PBXFileReference; lastKnownFileType = sourcecode.c.objc; path = iOSLearnTests.m; sourceTree = "<group>"; };
		7E0A9BB32073673400524B2D /* Info.plist */ = {isa = PBXFileReference; lastKnownFileType = text.plist.xml; path = Info.plist; sourceTree = "<group>"; };
		7E0A9BB82073673400524B2D /* iOSLearnUITests.xctest */ = {isa = PBXFileReference; explicitFileType = wrapper.cfbundle; includeInIndex = 0; path = iOSLearnUITests.xctest; sourceTree = BUILT_PRODUCTS_DIR; };
		7E0A9BBC2073673400524B2D /* iOSLearnUITests.m */ = {isa = PBXFileReference; lastKnownFileType = sourcecode.c.objc; path = iOSLearnUITests.m; sourceTree = "<group>"; };
		7E0A9BBE2073673400524B2D /* Info.plist */ = {isa = PBXFileReference; lastKnownFileType = text.plist.xml; path = Info.plist; sourceTree = "<group>"; };
		7E0A9BCB207367C700524B2D /* Student.h */ = {isa = PBXFileReference; lastKnownFileType = sourcecode.c.h; path = Student.h; sourceTree = "<group>"; };
		7E0A9BCC207367C700524B2D /* Student.m */ = {isa = PBXFileReference; lastKnownFileType = sourcecode.c.objc; path = Student.m; sourceTree = "<group>"; };
		7E0A9BCE207377C300524B2D /* HomeViewController.h */ = {isa = PBXFileReference; lastKnownFileType = sourcecode.c.h; path = HomeViewController.h; sourceTree = "<group>"; };
		7E0A9BCF207377C300524B2D /* HomeViewController.m */ = {isa = PBXFileReference; lastKnownFileType = sourcecode.c.objc; path = HomeViewController.m; sourceTree = "<group>"; };
		7E0E18AC207381A300B6C1F9 /* ATDeepShallowCopyViewController.h */ = {isa = PBXFileReference; lastKnownFileType = sourcecode.c.h; path = ATDeepShallowCopyViewController.h; sourceTree = "<group>"; };
		7E0E18AD207381A300B6C1F9 /* ATDeepShallowCopyViewController.m */ = {isa = PBXFileReference; lastKnownFileType = sourcecode.c.objc; path = ATDeepShallowCopyViewController.m; sourceTree = "<group>"; };
		7E0E18AF207382EA00B6C1F9 /* ATBaseViewController.h */ = {isa = PBXFileReference; lastKnownFileType = sourcecode.c.h; path = ATBaseViewController.h; sourceTree = "<group>"; };
		7E0E18B0207382EA00B6C1F9 /* ATBaseViewController.m */ = {isa = PBXFileReference; lastKnownFileType = sourcecode.c.objc; path = ATBaseViewController.m; sourceTree = "<group>"; };
		7E1DA94F23979075000C105B /* ATDaoFactory.h */ = {isa = PBXFileReference; lastKnownFileType = sourcecode.c.h; path = ATDaoFactory.h; sourceTree = "<group>"; };
		7E1DA95023979075000C105B /* ATDaoFactory.m */ = {isa = PBXFileReference; lastKnownFileType = sourcecode.c.objc; path = ATDaoFactory.m; sourceTree = "<group>"; };
		7E1DA95423979445000C105B /* ATStatistics.h */ = {isa = PBXFileReference; lastKnownFileType = sourcecode.c.h; path = ATStatistics.h; sourceTree = "<group>"; };
		7E1DA95523979445000C105B /* ATStatistics.m */ = {isa = PBXFileReference; lastKnownFileType = sourcecode.c.objc; path = ATStatistics.m; sourceTree = "<group>"; };
		7E1DA95723979A00000C105B /* BuriedPoint.plist */ = {isa = PBXFileReference; lastKnownFileType = text.plist.xml; path = BuriedPoint.plist; sourceTree = "<group>"; };
		7E1DA9592397B686000C105B /* ATBaseLogicDaoImpl.m */ = {isa = PBXFileReference; fileEncoding = 4; lastKnownFileType = sourcecode.c.objc; path = ATBaseLogicDaoImpl.m; sourceTree = "<group>"; };
		7E1DA95A2397B686000C105B /* ATBaseLogicDaoImpl.h */ = {isa = PBXFileReference; fileEncoding = 4; lastKnownFileType = sourcecode.c.h; path = ATBaseLogicDaoImpl.h; sourceTree = "<group>"; };
		7E1DA95C2397B73F000C105B /* ATPageVisitLogicDaoImpl.h */ = {isa = PBXFileReference; lastKnownFileType = sourcecode.c.h; path = ATPageVisitLogicDaoImpl.h; sourceTree = "<group>"; };
		7E1DA95D2397B73F000C105B /* ATPageVisitLogicDaoImpl.m */ = {isa = PBXFileReference; lastKnownFileType = sourcecode.c.objc; path = ATPageVisitLogicDaoImpl.m; sourceTree = "<group>"; };
		7E1DA95F2397B770000C105B /* ATPageVisitLogicDaoProtocol.h */ = {isa = PBXFileReference; lastKnownFileType = sourcecode.c.h; path = ATPageVisitLogicDaoProtocol.h; sourceTree = "<group>"; };
		7E1DA9602397B897000C105B /* ATPageVisitModel.h */ = {isa = PBXFileReference; lastKnownFileType = sourcecode.c.h; path = ATPageVisitModel.h; sourceTree = "<group>"; };
		7E1DA9612397B897000C105B /* ATPageVisitModel.m */ = {isa = PBXFileReference; lastKnownFileType = sourcecode.c.objc; path = ATPageVisitModel.m; sourceTree = "<group>"; };
		7E49EFB12078836700405ED0 /* ATOldCommonTableView.h */ = {isa = PBXFileReference; lastKnownFileType = sourcecode.c.h; path = ATOldCommonTableView.h; sourceTree = "<group>"; };
		7E49EFB22078836700405ED0 /* ATOldCommonTableView.m */ = {isa = PBXFileReference; lastKnownFileType = sourcecode.c.objc; path = ATOldCommonTableView.m; sourceTree = "<group>"; };
		7E5599E320995B0D00EC307A /* ATTimerViewController.h */ = {isa = PBXFileReference; lastKnownFileType = sourcecode.c.h; path = ATTimerViewController.h; sourceTree = "<group>"; };
		7E5599E420995B0D00EC307A /* ATTimerViewController.m */ = {isa = PBXFileReference; lastKnownFileType = sourcecode.c.objc; path = ATTimerViewController.m; sourceTree = "<group>"; };
		7E5A58CE2394BAA700B3FD4B /* ATContentViewController.h */ = {isa = PBXFileReference; lastKnownFileType = sourcecode.c.h; path = ATContentViewController.h; sourceTree = "<group>"; };
		7E5A58CF2394BAA700B3FD4B /* ATContentViewController.m */ = {isa = PBXFileReference; lastKnownFileType = sourcecode.c.objc; path = ATContentViewController.m; sourceTree = "<group>"; };
		7E5A58D22394E6D400B3FD4B /* ATBaseNavigationController.m */ = {isa = PBXFileReference; fileEncoding = 4; lastKnownFileType = sourcecode.c.objc; path = ATBaseNavigationController.m; sourceTree = "<group>"; };
		7E5A58D32394E6D400B3FD4B /* ATBaseNavigationController.h */ = {isa = PBXFileReference; fileEncoding = 4; lastKnownFileType = sourcecode.c.h; path = ATBaseNavigationController.h; sourceTree = "<group>"; };
		7E5A58D52394F18A00B3FD4B /* ATBasePresenter.h */ = {isa = PBXFileReference; fileEncoding = 4; lastKnownFileType = sourcecode.c.h; path = ATBasePresenter.h; sourceTree = "<group>"; };
		7E5A58D62394F18B00B3FD4B /* ATBasePresenter.m */ = {isa = PBXFileReference; fileEncoding = 4; lastKnownFileType = sourcecode.c.objc; path = ATBasePresenter.m; sourceTree = "<group>"; };
		7E5A58D82394F1A500B3FD4B /* ATInterviewPresenter.h */ = {isa = PBXFileReference; lastKnownFileType = sourcecode.c.h; path = ATInterviewPresenter.h; sourceTree = "<group>"; };
		7E5A58D92394F1A500B3FD4B /* ATInterviewPresenter.m */ = {isa = PBXFileReference; lastKnownFileType = sourcecode.c.objc; path = ATInterviewPresenter.m; sourceTree = "<group>"; };
		7E5A58DB2394F1D400B3FD4B /* ATInterviewPresenterIO.h */ = {isa = PBXFileReference; lastKnownFileType = sourcecode.c.h; path = ATInterviewPresenterIO.h; sourceTree = "<group>"; };
		7E5A58EA2394F3BD00B3FD4B /* ATCommonTableView.h */ = {isa = PBXFileReference; fileEncoding = 4; lastKnownFileType = sourcecode.c.h; path = ATCommonTableView.h; sourceTree = "<group>"; };
		7E5A58EB2394F3BD00B3FD4B /* ATCommonTableData.h */ = {isa = PBXFileReference; fileEncoding = 4; lastKnownFileType = sourcecode.c.h; path = ATCommonTableData.h; sourceTree = "<group>"; };
		7E5A58EC2394F3BD00B3FD4B /* ATTableViewProtocol.h */ = {isa = PBXFileReference; fileEncoding = 4; lastKnownFileType = sourcecode.c.h; path = ATTableViewProtocol.h; sourceTree = "<group>"; };
		7E5A58ED2394F3BD00B3FD4B /* ATTableViewAdapter.h */ = {isa = PBXFileReference; fileEncoding = 4; lastKnownFileType = sourcecode.c.h; path = ATTableViewAdapter.h; sourceTree = "<group>"; };
		7E5A58EE2394F3BD00B3FD4B /* ATCommonTableView.m */ = {isa = PBXFileReference; fileEncoding = 4; lastKnownFileType = sourcecode.c.objc; path = ATCommonTableView.m; sourceTree = "<group>"; };
		7E5A58EF2394F3BD00B3FD4B /* ATCommonTableData.m */ = {isa = PBXFileReference; fileEncoding = 4; lastKnownFileType = sourcecode.c.objc; path = ATCommonTableData.m; sourceTree = "<group>"; };
		7E5A58F02394F3BD00B3FD4B /* ATTableViewCellProtocol.h */ = {isa = PBXFileReference; fileEncoding = 4; lastKnownFileType = sourcecode.c.h; path = ATTableViewCellProtocol.h; sourceTree = "<group>"; };
		7E5A58F12394F3BD00B3FD4B /* ATTableViewAdapter.m */ = {isa = PBXFileReference; fileEncoding = 4; lastKnownFileType = sourcecode.c.objc; path = ATTableViewAdapter.m; sourceTree = "<group>"; };
		7E5A58F62394F40E00B3FD4B /* UIView+ATKit.h */ = {isa = PBXFileReference; fileEncoding = 4; lastKnownFileType = sourcecode.c.h; path = "UIView+ATKit.h"; sourceTree = "<group>"; };
		7E5A58F72394F40E00B3FD4B /* UIView+ATKit.m */ = {isa = PBXFileReference; fileEncoding = 4; lastKnownFileType = sourcecode.c.objc; path = "UIView+ATKit.m"; sourceTree = "<group>"; };
		7E5A58F92394FD5B00B3FD4B /* ATViewRelatedDefine.h */ = {isa = PBXFileReference; lastKnownFileType = sourcecode.c.h; path = ATViewRelatedDefine.h; sourceTree = "<group>"; };
		7E5A58FA2394FF2D00B3FD4B /* ATViewRelatedPresenter.h */ = {isa = PBXFileReference; lastKnownFileType = sourcecode.c.h; path = ATViewRelatedPresenter.h; sourceTree = "<group>"; };
		7E5A58FB2394FF2D00B3FD4B /* ATViewRelatedPresenter.m */ = {isa = PBXFileReference; lastKnownFileType = sourcecode.c.objc; path = ATViewRelatedPresenter.m; sourceTree = "<group>"; };
		7E5A58FD2394FF3E00B3FD4B /* ATViewRelatedPresenterIO.h */ = {isa = PBXFileReference; lastKnownFileType = sourcecode.c.h; path = ATViewRelatedPresenterIO.h; sourceTree = "<group>"; };
		7E5A590123950CAE00B3FD4B /* ATInterviewQuestions.json */ = {isa = PBXFileReference; lastKnownFileType = text.json; path = ATInterviewQuestions.json; sourceTree = "<group>"; };
		7E5A59022395133600B3FD4B /* ATQuestionModel.h */ = {isa = PBXFileReference; lastKnownFileType = sourcecode.c.h; path = ATQuestionModel.h; sourceTree = "<group>"; };
		7E5A59032395133600B3FD4B /* ATQuestionModel.m */ = {isa = PBXFileReference; lastKnownFileType = sourcecode.c.objc; path = ATQuestionModel.m; sourceTree = "<group>"; };
		7E5A59052395135600B3FD4B /* ATBaseModel.h */ = {isa = PBXFileReference; lastKnownFileType = sourcecode.c.h; path = ATBaseModel.h; sourceTree = "<group>"; };
		7E5A59062395135600B3FD4B /* ATBaseModel.m */ = {isa = PBXFileReference; lastKnownFileType = sourcecode.c.objc; path = ATBaseModel.m; sourceTree = "<group>"; };
		7E7D4C57207EFA66003EBEC1 /* ATPoolViewController.h */ = {isa = PBXFileReference; lastKnownFileType = sourcecode.c.h; path = ATPoolViewController.h; sourceTree = "<group>"; };
		7E7D4C58207EFA66003EBEC1 /* ATPoolViewController.m */ = {isa = PBXFileReference; lastKnownFileType = sourcecode.c.objc; path = ATPoolViewController.m; sourceTree = "<group>"; };
		7E8E1EDB2398DE0100DF039B /* ATAlgorithmViewController.h */ = {isa = PBXFileReference; lastKnownFileType = sourcecode.c.h; path = ATAlgorithmViewController.h; sourceTree = "<group>"; };
		7E8E1EDC2398DE0100DF039B /* ATAlgorithmViewController.m */ = {isa = PBXFileReference; lastKnownFileType = sourcecode.c.objc; path = ATAlgorithmViewController.m; sourceTree = "<group>"; };
		7E8E1EDE2398E09500DF039B /* ATAlgorithmPresenter.h */ = {isa = PBXFileReference; lastKnownFileType = sourcecode.c.h; path = ATAlgorithmPresenter.h; sourceTree = "<group>"; };
		7E8E1EDF2398E09500DF039B /* ATAlgorithmPresenter.m */ = {isa = PBXFileReference; lastKnownFileType = sourcecode.c.objc; path = ATAlgorithmPresenter.m; sourceTree = "<group>"; };
		7E8E1EE12398E0AD00DF039B /* ATAlgorithmPresenterIO.h */ = {isa = PBXFileReference; lastKnownFileType = sourcecode.c.h; path = ATAlgorithmPresenterIO.h; sourceTree = "<group>"; };
		7E8E1EE62399255200DF039B /* BBLinkedMap.h */ = {isa = PBXFileReference; fileEncoding = 4; lastKnownFileType = sourcecode.c.h; path = BBLinkedMap.h; sourceTree = "<group>"; };
		7E8E1EE72399255200DF039B /* BBLinkedMap.m */ = {isa = PBXFileReference; fileEncoding = 4; lastKnownFileType = sourcecode.c.objc; path = BBLinkedMap.m; sourceTree = "<group>"; };
		7E8E1EE92399255200DF039B /* BBSingleLinkedList.h */ = {isa = PBXFileReference; fileEncoding = 4; lastKnownFileType = sourcecode.c.h; path = BBSingleLinkedList.h; sourceTree = "<group>"; };
		7E8E1EEA2399255200DF039B /* BBSingleLinkedList.m */ = {isa = PBXFileReference; fileEncoding = 4; lastKnownFileType = sourcecode.c.objc; path = BBSingleLinkedList.m; sourceTree = "<group>"; };
		7E8E1EED2399259600DF039B /* ATLinkedListViewController.h */ = {isa = PBXFileReference; lastKnownFileType = sourcecode.c.h; path = ATLinkedListViewController.h; sourceTree = "<group>"; };
		7E8E1EEE2399259600DF039B /* ATLinkedListViewController.m */ = {isa = PBXFileReference; lastKnownFileType = sourcecode.c.objc; path = ATLinkedListViewController.m; sourceTree = "<group>"; };
		7E97EC2420944A1000F81D57 /* ATStorageViewController.h */ = {isa = PBXFileReference; lastKnownFileType = sourcecode.c.h; path = ATStorageViewController.h; sourceTree = "<group>"; };
		7E97EC2520944A1000F81D57 /* ATStorageViewController.m */ = {isa = PBXFileReference; lastKnownFileType = sourcecode.c.objc; path = ATStorageViewController.m; sourceTree = "<group>"; };
		7E97EC2720944A8200F81D57 /* ATKeyedArchiverModel.h */ = {isa = PBXFileReference; lastKnownFileType = sourcecode.c.h; path = ATKeyedArchiverModel.h; sourceTree = "<group>"; };
		7E97EC2820944A8200F81D57 /* ATKeyedArchiverModel.m */ = {isa = PBXFileReference; lastKnownFileType = sourcecode.c.objc; path = ATKeyedArchiverModel.m; sourceTree = "<group>"; };
		7EB5061E2225437F00F7D957 /* ATStoreViewController.h */ = {isa = PBXFileReference; lastKnownFileType = sourcecode.c.h; path = ATStoreViewController.h; sourceTree = "<group>"; };
		7EB5061F2225437F00F7D957 /* ATStoreViewController.m */ = {isa = PBXFileReference; lastKnownFileType = sourcecode.c.objc; path = ATStoreViewController.m; sourceTree = "<group>"; };
		7EB506222225447A00F7D957 /* ATStoreArchiverViewController.h */ = {isa = PBXFileReference; lastKnownFileType = sourcecode.c.h; path = ATStoreArchiverViewController.h; sourceTree = "<group>"; };
		7EB506232225447A00F7D957 /* ATStoreArchiverViewController.m */ = {isa = PBXFileReference; lastKnownFileType = sourcecode.c.objc; path = ATStoreArchiverViewController.m; sourceTree = "<group>"; };
		7EB64EF1207B4C780069AEA1 /* ATKVOViewController.h */ = {isa = PBXFileReference; lastKnownFileType = sourcecode.c.h; path = ATKVOViewController.h; sourceTree = "<group>"; };
		7EB64EF2207B4C780069AEA1 /* ATKVOViewController.m */ = {isa = PBXFileReference; lastKnownFileType = sourcecode.c.objc; path = ATKVOViewController.m; sourceTree = "<group>"; };
		7EB64EF3207B4C780069AEA1 /* ATKVOViewController.xib */ = {isa = PBXFileReference; lastKnownFileType = file.xib; path = ATKVOViewController.xib; sourceTree = "<group>"; };
		7EB64EF6207B4FF80069AEA1 /* ATKVOModel.h */ = {isa = PBXFileReference; lastKnownFileType = sourcecode.c.h; path = ATKVOModel.h; sourceTree = "<group>"; };
		7EB64EF7207B4FF80069AEA1 /* ATKVOModel.m */ = {isa = PBXFileReference; lastKnownFileType = sourcecode.c.objc; path = ATKVOModel.m; sourceTree = "<group>"; };
		7EC602FF2396635400E27387 /* ATBaseTableViewCell.h */ = {isa = PBXFileReference; lastKnownFileType = sourcecode.c.h; path = ATBaseTableViewCell.h; sourceTree = "<group>"; };
		7EC603002396635400E27387 /* ATBaseTableViewCell.m */ = {isa = PBXFileReference; lastKnownFileType = sourcecode.c.objc; path = ATBaseTableViewCell.m; sourceTree = "<group>"; };
		7EC603022396638A00E27387 /* ATRuntimeCell.h */ = {isa = PBXFileReference; lastKnownFileType = sourcecode.c.h; path = ATRuntimeCell.h; sourceTree = "<group>"; };
		7EC603032396638A00E27387 /* ATRuntimeCell.m */ = {isa = PBXFileReference; lastKnownFileType = sourcecode.c.objc; path = ATRuntimeCell.m; sourceTree = "<group>"; };
		7ED58A3620805C6500ABEA3D /* ATMultiThreadViewController.h */ = {isa = PBXFileReference; lastKnownFileType = sourcecode.c.h; path = ATMultiThreadViewController.h; sourceTree = "<group>"; };
		7ED58A3720805C6500ABEA3D /* ATMultiThreadViewController.m */ = {isa = PBXFileReference; lastKnownFileType = sourcecode.c.objc; path = ATMultiThreadViewController.m; sourceTree = "<group>"; };
		7EDD7E78238FCA6E001466E2 /* ATTabBarControllerConfig.h */ = {isa = PBXFileReference; lastKnownFileType = sourcecode.c.h; path = ATTabBarControllerConfig.h; sourceTree = "<group>"; };
		7EDD7E79238FCA6F001466E2 /* ATTabBarControllerConfig.m */ = {isa = PBXFileReference; lastKnownFileType = sourcecode.c.objc; path = ATTabBarControllerConfig.m; sourceTree = "<group>"; };
		7EDD7E7D238FCD21001466E2 /* ATInterviewViewController.h */ = {isa = PBXFileReference; lastKnownFileType = sourcecode.c.h; path = ATInterviewViewController.h; sourceTree = "<group>"; };
		7EDD7E7E238FCD21001466E2 /* ATInterviewViewController.m */ = {isa = PBXFileReference; lastKnownFileType = sourcecode.c.objc; path = ATInterviewViewController.m; sourceTree = "<group>"; };
		7EDD7E83238FD0D5001466E2 /* UILabel+ATChangeLineSpaceAndWordSpace.h */ = {isa = PBXFileReference; fileEncoding = 4; lastKnownFileType = sourcecode.c.h; path = "UILabel+ATChangeLineSpaceAndWordSpace.h"; sourceTree = "<group>"; };
		7EDD7E84238FD0D5001466E2 /* UILabel+ATHelper.h */ = {isa = PBXFileReference; fileEncoding = 4; lastKnownFileType = sourcecode.c.h; path = "UILabel+ATHelper.h"; sourceTree = "<group>"; };
		7EDD7E85238FD0D5001466E2 /* UILabel+ATHelper.m */ = {isa = PBXFileReference; fileEncoding = 4; lastKnownFileType = sourcecode.c.objc; path = "UILabel+ATHelper.m"; sourceTree = "<group>"; };
		7EDD7E86238FD0D5001466E2 /* UILabel+ATChangeLineSpaceAndWordSpace.m */ = {isa = PBXFileReference; fileEncoding = 4; lastKnownFileType = sourcecode.c.objc; path = "UILabel+ATChangeLineSpaceAndWordSpace.m"; sourceTree = "<group>"; };
		7EDD7E8A238FD0DB001466E2 /* UIButton+ATHelper.h */ = {isa = PBXFileReference; fileEncoding = 4; lastKnownFileType = sourcecode.c.h; path = "UIButton+ATHelper.h"; sourceTree = "<group>"; };
		7EDD7E8B238FD0DB001466E2 /* UIButton+ATHelper.m */ = {isa = PBXFileReference; fileEncoding = 4; lastKnownFileType = sourcecode.c.objc; path = "UIButton+ATHelper.m"; sourceTree = "<group>"; };
		7EDD7E8E238FD0F6001466E2 /* UIControl+ATFixMultiClick.m */ = {isa = PBXFileReference; fileEncoding = 4; lastKnownFileType = sourcecode.c.objc; path = "UIControl+ATFixMultiClick.m"; sourceTree = "<group>"; };
		7EDD7E8F238FD0F6001466E2 /* UIControl+ATFixMultiClick.h */ = {isa = PBXFileReference; fileEncoding = 4; lastKnownFileType = sourcecode.c.h; path = "UIControl+ATFixMultiClick.h"; sourceTree = "<group>"; };
		7EDD7E92238FED29001466E2 /* ATViewRelatedController.h */ = {isa = PBXFileReference; lastKnownFileType = sourcecode.c.h; path = ATViewRelatedController.h; sourceTree = "<group>"; };
		7EDD7E93238FED29001466E2 /* ATViewRelatedController.m */ = {isa = PBXFileReference; lastKnownFileType = sourcecode.c.objc; path = ATViewRelatedController.m; sourceTree = "<group>"; };
		7EDD7E95238FEDA5001466E2 /* ATViewAndLayerController.h */ = {isa = PBXFileReference; lastKnownFileType = sourcecode.c.h; path = ATViewAndLayerController.h; sourceTree = "<group>"; };
		7EDD7E96238FEDA5001466E2 /* ATViewAndLayerController.m */ = {isa = PBXFileReference; lastKnownFileType = sourcecode.c.objc; path = ATViewAndLayerController.m; sourceTree = "<group>"; };
		7EDDE6F020962A11001A14E8 /* ATOperationViewController.h */ = {isa = PBXFileReference; lastKnownFileType = sourcecode.c.h; path = ATOperationViewController.h; sourceTree = "<group>"; };
		7EDDE6F120962A11001A14E8 /* ATOperationViewController.m */ = {isa = PBXFileReference; lastKnownFileType = sourcecode.c.objc; path = ATOperationViewController.m; sourceTree = "<group>"; };
		7EDDE6F320962A4F001A14E8 /* ATOperationModel.h */ = {isa = PBXFileReference; lastKnownFileType = sourcecode.c.h; path = ATOperationModel.h; sourceTree = "<group>"; };
		7EDDE6F420962A4F001A14E8 /* ATOperationModel.m */ = {isa = PBXFileReference; lastKnownFileType = sourcecode.c.objc; path = ATOperationModel.m; sourceTree = "<group>"; };
		7EDDE6F620962B31001A14E8 /* ATMultiThreadViewModel.h */ = {isa = PBXFileReference; lastKnownFileType = sourcecode.c.h; path = ATMultiThreadViewModel.h; sourceTree = "<group>"; };
		7EDDE6F720962B31001A14E8 /* ATMultiThreadViewModel.m */ = {isa = PBXFileReference; lastKnownFileType = sourcecode.c.objc; path = ATMultiThreadViewModel.m; sourceTree = "<group>"; };
		7EDDE6F920962BB3001A14E8 /* ATMultiThreadDefine.h */ = {isa = PBXFileReference; lastKnownFileType = sourcecode.c.h; path = ATMultiThreadDefine.h; sourceTree = "<group>"; };
		7EDDE6FA20962E52001A14E8 /* ATGCDViewController.h */ = {isa = PBXFileReference; lastKnownFileType = sourcecode.c.h; path = ATGCDViewController.h; sourceTree = "<group>"; };
		7EDDE6FB20962E52001A14E8 /* ATGCDViewController.m */ = {isa = PBXFileReference; lastKnownFileType = sourcecode.c.objc; path = ATGCDViewController.m; sourceTree = "<group>"; };
		7EE1F00D2079BDEE00783702 /* ATDetailCodeViewController.h */ = {isa = PBXFileReference; lastKnownFileType = sourcecode.c.h; path = ATDetailCodeViewController.h; sourceTree = "<group>"; };
		7EE1F00E2079BDEE00783702 /* ATDetailCodeViewController.m */ = {isa = PBXFileReference; lastKnownFileType = sourcecode.c.objc; path = ATDetailCodeViewController.m; sourceTree = "<group>"; };
		7EE1F0102079BFC800783702 /* ATBaseViewModel.h */ = {isa = PBXFileReference; lastKnownFileType = sourcecode.c.h; path = ATBaseViewModel.h; sourceTree = "<group>"; };
		7EE1F0112079BFC800783702 /* ATBaseViewModel.m */ = {isa = PBXFileReference; lastKnownFileType = sourcecode.c.objc; path = ATBaseViewModel.m; sourceTree = "<group>"; };
		7EE1F0132079C01600783702 /* ATRuntimeViewModel.h */ = {isa = PBXFileReference; lastKnownFileType = sourcecode.c.h; path = ATRuntimeViewModel.h; sourceTree = "<group>"; };
		7EE1F0142079C01600783702 /* ATRuntimeViewModel.m */ = {isa = PBXFileReference; lastKnownFileType = sourcecode.c.objc; path = ATRuntimeViewModel.m; sourceTree = "<group>"; };
		7EE1F0162079C11B00783702 /* ATRuntimeDefine.h */ = {isa = PBXFileReference; lastKnownFileType = sourcecode.c.h; path = ATRuntimeDefine.h; sourceTree = "<group>"; };
		7EE1F0182079FE0500783702 /* runtimeDemo.md */ = {isa = PBXFileReference; fileEncoding = 4; lastKnownFileType = net.daringfireball.markdown; path = runtimeDemo.md; sourceTree = "<group>"; };
		7EE1F01A207A0B2E00783702 /* ATOldCommonTableModel.h */ = {isa = PBXFileReference; lastKnownFileType = sourcecode.c.h; path = ATOldCommonTableModel.h; sourceTree = "<group>"; };
		7EE1F01B207A0B2E00783702 /* ATOldCommonTableModel.m */ = {isa = PBXFileReference; lastKnownFileType = sourcecode.c.objc; path = ATOldCommonTableModel.m; sourceTree = "<group>"; };
		7EE1F01D207A10B700783702 /* PrefixHeader.pch */ = {isa = PBXFileReference; lastKnownFileType = sourcecode.c.h; path = PrefixHeader.pch; sourceTree = "<group>"; };
		7EE1F01E207A113600783702 /* ATShareMacro.h */ = {isa = PBXFileReference; lastKnownFileType = sourcecode.c.h; path = ATShareMacro.h; sourceTree = "<group>"; };
		7EE8280C20A575C200B4E7D3 /* ATThreadViewController.h */ = {isa = PBXFileReference; lastKnownFileType = sourcecode.c.h; path = ATThreadViewController.h; sourceTree = "<group>"; };
		7EE8280D20A575C200B4E7D3 /* ATThreadViewController.m */ = {isa = PBXFileReference; lastKnownFileType = sourcecode.c.objc; path = ATThreadViewController.m; sourceTree = "<group>"; };
		7EE8280F20A583D400B4E7D3 /* ATThreadViewModel.h */ = {isa = PBXFileReference; lastKnownFileType = sourcecode.c.h; path = ATThreadViewModel.h; sourceTree = "<group>"; };
		7EE8281020A583D400B4E7D3 /* ATThreadViewModel.m */ = {isa = PBXFileReference; lastKnownFileType = sourcecode.c.objc; path = ATThreadViewModel.m; sourceTree = "<group>"; };
		7EE8281220A5843E00B4E7D3 /* ATThreadDefine.h */ = {isa = PBXFileReference; lastKnownFileType = sourcecode.c.h; path = ATThreadDefine.h; sourceTree = "<group>"; };
		7EE8281420A584E100B4E7D3 /* ATThreadSaleTicketViewController.h */ = {isa = PBXFileReference; lastKnownFileType = sourcecode.c.h; path = ATThreadSaleTicketViewController.h; sourceTree = "<group>"; };
		7EE8281520A584E100B4E7D3 /* ATThreadSaleTicketViewController.m */ = {isa = PBXFileReference; lastKnownFileType = sourcecode.c.objc; path = ATThreadSaleTicketViewController.m; sourceTree = "<group>"; };
		7EE8281820A584FB00B4E7D3 /* ATThreadMemoryViewController.h */ = {isa = PBXFileReference; lastKnownFileType = sourcecode.c.h; path = ATThreadMemoryViewController.h; sourceTree = "<group>"; };
		7EE8281920A584FB00B4E7D3 /* ATThreadMemoryViewController.m */ = {isa = PBXFileReference; lastKnownFileType = sourcecode.c.objc; path = ATThreadMemoryViewController.m; sourceTree = "<group>"; };
		7EE8281C20A59D2500B4E7D3 /* ATThreadRunLoopViewController.h */ = {isa = PBXFileReference; lastKnownFileType = sourcecode.c.h; path = ATThreadRunLoopViewController.h; sourceTree = "<group>"; };
		7EE8281D20A59D2500B4E7D3 /* ATThreadRunLoopViewController.m */ = {isa = PBXFileReference; lastKnownFileType = sourcecode.c.objc; path = ATThreadRunLoopViewController.m; sourceTree = "<group>"; };
		7EE8281F20A59D7E00B4E7D3 /* Foo.h */ = {isa = PBXFileReference; lastKnownFileType = sourcecode.c.h; path = Foo.h; sourceTree = "<group>"; };
		7EE8282020A59D7E00B4E7D3 /* Foo.m */ = {isa = PBXFileReference; lastKnownFileType = sourcecode.c.objc; path = Foo.m; sourceTree = "<group>"; };
		7EF63E0E207466EB00F6F841 /* ATRuntimeViewController.h */ = {isa = PBXFileReference; lastKnownFileType = sourcecode.c.h; path = ATRuntimeViewController.h; sourceTree = "<group>"; };
		7EF63E0F207466EB00F6F841 /* ATRuntimeViewController.m */ = {isa = PBXFileReference; lastKnownFileType = sourcecode.c.objc; path = ATRuntimeViewController.m; sourceTree = "<group>"; };
		7EF63E11207466FD00F6F841 /* ATRuntimePerson.h */ = {isa = PBXFileReference; lastKnownFileType = sourcecode.c.h; path = ATRuntimePerson.h; sourceTree = "<group>"; };
		7EF63E12207466FD00F6F841 /* ATRuntimePerson.m */ = {isa = PBXFileReference; lastKnownFileType = sourcecode.c.objc; path = ATRuntimePerson.m; sourceTree = "<group>"; };
		7EF63E142074708700F6F841 /* ATPerson+addProperty.h */ = {isa = PBXFileReference; lastKnownFileType = sourcecode.c.h; path = "ATPerson+addProperty.h"; sourceTree = "<group>"; };
		7EF63E152074708700F6F841 /* ATPerson+addProperty.m */ = {isa = PBXFileReference; lastKnownFileType = sourcecode.c.objc; path = "ATPerson+addProperty.m"; sourceTree = "<group>"; };
		7EFF53A22092CA4800938F24 /* ATSortViewController.h */ = {isa = PBXFileReference; lastKnownFileType = sourcecode.c.h; path = ATSortViewController.h; sourceTree = "<group>"; };
		7EFF53A32092CA4800938F24 /* ATSortViewController.m */ = {isa = PBXFileReference; lastKnownFileType = sourcecode.c.objc; path = ATSortViewController.m; sourceTree = "<group>"; };
		7EFF53A52092CAA000938F24 /* ATSortViewModel.h */ = {isa = PBXFileReference; lastKnownFileType = sourcecode.c.h; path = ATSortViewModel.h; sourceTree = "<group>"; };
		7EFF53A62092CAA000938F24 /* ATSortViewModel.m */ = {isa = PBXFileReference; lastKnownFileType = sourcecode.c.objc; path = ATSortViewModel.m; sourceTree = "<group>"; };
		7EFF53A82092CB8100938F24 /* ATSortDefine.h */ = {isa = PBXFileReference; lastKnownFileType = sourcecode.c.h; path = ATSortDefine.h; sourceTree = "<group>"; };
		7EFF53AA2092F1FF00938F24 /* ATBlockViewController.h */ = {isa = PBXFileReference; lastKnownFileType = sourcecode.c.h; path = ATBlockViewController.h; sourceTree = "<group>"; };
		7EFF53AB2092F1FF00938F24 /* ATBlockViewController.m */ = {isa = PBXFileReference; lastKnownFileType = sourcecode.c.objc; path = ATBlockViewController.m; sourceTree = "<group>"; };
		7EFF53AD2092FE2800938F24 /* ATTestViewController.h */ = {isa = PBXFileReference; lastKnownFileType = sourcecode.c.h; path = ATTestViewController.h; sourceTree = "<group>"; };
		7EFF53AE2092FE2800938F24 /* ATTestViewController.m */ = {isa = PBXFileReference; lastKnownFileType = sourcecode.c.objc; path = ATTestViewController.m; sourceTree = "<group>"; };
/* End PBXFileReference section */

/* Begin PBXFrameworksBuildPhase section */
		7E0A9B922073673100524B2D /* Frameworks */ = {
			isa = PBXFrameworksBuildPhase;
			buildActionMask = 2147483647;
			files = (
				EDE8CB2B81DAB64A6541CCD7 /* libPods-iOSLearn.a in Frameworks */,
			);
			runOnlyForDeploymentPostprocessing = 0;
		};
		7E0A9BAA2073673400524B2D /* Frameworks */ = {
			isa = PBXFrameworksBuildPhase;
			buildActionMask = 2147483647;
			files = (
			);
			runOnlyForDeploymentPostprocessing = 0;
		};
		7E0A9BB52073673400524B2D /* Frameworks */ = {
			isa = PBXFrameworksBuildPhase;
			buildActionMask = 2147483647;
			files = (
			);
			runOnlyForDeploymentPostprocessing = 0;
		};
/* End PBXFrameworksBuildPhase section */

/* Begin PBXGroup section */
		7E04291F20919787009BCABB /* KVC */ = {
			isa = PBXGroup;
			children = (
				7E042920209197A3009BCABB /* ATKVCViewController.h */,
				7E042921209197A3009BCABB /* ATKVCViewController.m */,
				7E04292320919ACC009BCABB /* ATStudentKVCModel.h */,
				7E04292420919ACC009BCABB /* ATStudentKVCModel.m */,
			);
			path = KVC;
			sourceTree = "<group>";
		};
		7E0A9B8C2073673100524B2D = {
			isa = PBXGroup;
			children = (
				7E0A9B972073673100524B2D /* iOSLearn */,
				7E0A9BB02073673400524B2D /* iOSLearnTests */,
				7E0A9BBB2073673400524B2D /* iOSLearnUITests */,
				7E0A9B962073673100524B2D /* Products */,
				873FBBF84FBE3C0F893F57BB /* Pods */,
				D1A52F2ACAC10DB66C3A96F2 /* Frameworks */,
			);
			sourceTree = "<group>";
		};
		7E0A9B962073673100524B2D /* Products */ = {
			isa = PBXGroup;
			children = (
				7E0A9B952073673100524B2D /* iOSLearn.app */,
				7E0A9BAD2073673400524B2D /* iOSLearnTests.xctest */,
				7E0A9BB82073673400524B2D /* iOSLearnUITests.xctest */,
			);
			name = Products;
			sourceTree = "<group>";
		};
		7E0A9B972073673100524B2D /* iOSLearn */ = {
			isa = PBXGroup;
			children = (
				7E0A9B982073673100524B2D /* AppDelegate.h */,
				7E0A9B992073673100524B2D /* AppDelegate.m */,
				7E0A9B9B2073673100524B2D /* ViewController.h */,
				7E0A9B9C2073673100524B2D /* ViewController.m */,
				7EDD7E78238FCA6E001466E2 /* ATTabBarControllerConfig.h */,
				7EDD7E79238FCA6F001466E2 /* ATTabBarControllerConfig.m */,
				7E0A9BCE207377C300524B2D /* HomeViewController.h */,
				7E0A9BCF207377C300524B2D /* HomeViewController.m */,
				7E0E18AF207382EA00B6C1F9 /* ATBaseViewController.h */,
				7E0E18B0207382EA00B6C1F9 /* ATBaseViewController.m */,
				7EE1F0102079BFC800783702 /* ATBaseViewModel.h */,
				7EE1F0112079BFC800783702 /* ATBaseViewModel.m */,
				7E49EFB02078834B00405ED0 /* Common */,
				7E1DA952239793D6000C105B /* Core */,
				7EDD7E80238FD095001466E2 /* Legacy */,
				7E1DA94C23979039000C105B /* Factory */,
				7EDD7E7B238FCC98001466E2 /* 2018 */,
				7EB5061D2225435F00F7D957 /* Store */,
				7E5599E220995AFA00EC307A /* Timer */,
				7E97EC22209449AD00F81D57 /* storage */,
				7EFF53A92092F1EB00938F24 /* Block */,
				7EFF53A02092CA2800938F24 /* Sort */,
				7ED58A3520805C5200ABEA3D /* MultiThread */,
				7E7D4C5A207F2E9D003EBEC1 /* Video */,
				7E7D4C56207EFA34003EBEC1 /* Pool */,
				7E0A9B9E2073673100524B2D /* Main.storyboard */,
				7E0A9BA12073673300524B2D /* Assets.xcassets */,
				7E0A9BA32073673300524B2D /* LaunchScreen.storyboard */,
				7E0A9BA62073673300524B2D /* Info.plist */,
				7E0A9BA72073673400524B2D /* main.m */,
				7EE1F01D207A10B700783702 /* PrefixHeader.pch */,
				7EE1F01E207A113600783702 /* ATShareMacro.h */,
			);
			path = iOSLearn;
			sourceTree = "<group>";
		};
		7E0A9BB02073673400524B2D /* iOSLearnTests */ = {
			isa = PBXGroup;
			children = (
				7E0A9BB12073673400524B2D /* iOSLearnTests.m */,
				7E0A9BB32073673400524B2D /* Info.plist */,
			);
			path = iOSLearnTests;
			sourceTree = "<group>";
		};
		7E0A9BBB2073673400524B2D /* iOSLearnUITests */ = {
			isa = PBXGroup;
			children = (
				7E0A9BBC2073673400524B2D /* iOSLearnUITests.m */,
				7E0A9BBE2073673400524B2D /* Info.plist */,
			);
			path = iOSLearnUITests;
			sourceTree = "<group>";
		};
		7E0A9BCA207367B400524B2D /* Copy */ = {
			isa = PBXGroup;
			children = (
				7E0E18AC207381A300B6C1F9 /* ATDeepShallowCopyViewController.h */,
				7E0E18AD207381A300B6C1F9 /* ATDeepShallowCopyViewController.m */,
				7E0A9BCB207367C700524B2D /* Student.h */,
				7E0A9BCC207367C700524B2D /* Student.m */,
			);
			path = Copy;
			sourceTree = "<group>";
		};
		7E1DA94C23979039000C105B /* Factory */ = {
			isa = PBXGroup;
			children = (
				7E1DA94D23979043000C105B /* DAO */,
			);
			path = Factory;
			sourceTree = "<group>";
		};
		7E1DA94D23979043000C105B /* DAO */ = {
			isa = PBXGroup;
			children = (
				7E1DA94E23979055000C105B /* DaoImpl */,
				7E1DA94F23979075000C105B /* ATDaoFactory.h */,
				7E1DA95023979075000C105B /* ATDaoFactory.m */,
			);
			path = DAO;
			sourceTree = "<group>";
		};
		7E1DA94E23979055000C105B /* DaoImpl */ = {
			isa = PBXGroup;
			children = (
				7E1DA95A2397B686000C105B /* ATBaseLogicDaoImpl.h */,
				7E1DA9592397B686000C105B /* ATBaseLogicDaoImpl.m */,
				7E1DA9632397BAA7000C105B /* PageVisit */,
			);
			path = DaoImpl;
			sourceTree = "<group>";
		};
		7E1DA952239793D6000C105B /* Core */ = {
			isa = PBXGroup;
			children = (
				7E1DA9532397941F000C105B /* Statistics */,
			);
			path = Core;
			sourceTree = "<group>";
		};
		7E1DA9532397941F000C105B /* Statistics */ = {
			isa = PBXGroup;
			children = (
				7E1DA95423979445000C105B /* ATStatistics.h */,
				7E1DA95523979445000C105B /* ATStatistics.m */,
				7E1DA95723979A00000C105B /* BuriedPoint.plist */,
			);
			path = Statistics;
			sourceTree = "<group>";
		};
		7E1DA9632397BAA7000C105B /* PageVisit */ = {
			isa = PBXGroup;
			children = (
				7E1DA95C2397B73F000C105B /* ATPageVisitLogicDaoImpl.h */,
				7E1DA95D2397B73F000C105B /* ATPageVisitLogicDaoImpl.m */,
				7E1DA95F2397B770000C105B /* ATPageVisitLogicDaoProtocol.h */,
				7E1DA9602397B897000C105B /* ATPageVisitModel.h */,
				7E1DA9612397B897000C105B /* ATPageVisitModel.m */,
			);
			path = PageVisit;
			sourceTree = "<group>";
		};
		7E49EFB02078834B00405ED0 /* Common */ = {
			isa = PBXGroup;
			children = (
				7E49EFB12078836700405ED0 /* ATOldCommonTableView.h */,
				7E49EFB22078836700405ED0 /* ATOldCommonTableView.m */,
				7EE1F01A207A0B2E00783702 /* ATOldCommonTableModel.h */,
				7EE1F01B207A0B2E00783702 /* ATOldCommonTableModel.m */,
				7E5A58CE2394BAA700B3FD4B /* ATContentViewController.h */,
				7E5A58CF2394BAA700B3FD4B /* ATContentViewController.m */,
				7E5A58D12394E6C400B3FD4B /* BaseClass */,
			);
			path = Common;
			sourceTree = "<group>";
		};
		7E5599E220995AFA00EC307A /* Timer */ = {
			isa = PBXGroup;
			children = (
				7E5599E320995B0D00EC307A /* ATTimerViewController.h */,
				7E5599E420995B0D00EC307A /* ATTimerViewController.m */,
			);
			path = Timer;
			sourceTree = "<group>";
		};
		7E5A58D12394E6C400B3FD4B /* BaseClass */ = {
			isa = PBXGroup;
			children = (
				7E5A58D32394E6D400B3FD4B /* ATBaseNavigationController.h */,
				7E5A58D22394E6D400B3FD4B /* ATBaseNavigationController.m */,
				7E5A58D52394F18A00B3FD4B /* ATBasePresenter.h */,
				7E5A58D62394F18B00B3FD4B /* ATBasePresenter.m */,
				7E5A59052395135600B3FD4B /* ATBaseModel.h */,
				7E5A59062395135600B3FD4B /* ATBaseModel.m */,
			);
			path = BaseClass;
			sourceTree = "<group>";
		};
		7E5A58DC2394F30A00B3FD4B /* Global */ = {
			isa = PBXGroup;
			children = (
				7E5A58E92394F3BD00B3FD4B /* TableView */,
			);
			path = Global;
			sourceTree = "<group>";
		};
		7E5A58E92394F3BD00B3FD4B /* TableView */ = {
			isa = PBXGroup;
			children = (
				7E5A58EA2394F3BD00B3FD4B /* ATCommonTableView.h */,
				7E5A58EE2394F3BD00B3FD4B /* ATCommonTableView.m */,
				7E5A58EB2394F3BD00B3FD4B /* ATCommonTableData.h */,
				7E5A58EF2394F3BD00B3FD4B /* ATCommonTableData.m */,
				7E5A58ED2394F3BD00B3FD4B /* ATTableViewAdapter.h */,
				7E5A58F12394F3BD00B3FD4B /* ATTableViewAdapter.m */,
				7E5A58EC2394F3BD00B3FD4B /* ATTableViewProtocol.h */,
				7E5A58F02394F3BD00B3FD4B /* ATTableViewCellProtocol.h */,
				7EC602FF2396635400E27387 /* ATBaseTableViewCell.h */,
				7EC603002396635400E27387 /* ATBaseTableViewCell.m */,
			);
			name = TableView;
			path = "../../../../../../../../Work/MeetingSystem/MeetingSystem/MeetingSystem/Common/New Group1/Global/TableView";
			sourceTree = "<group>";
		};
		7E5A58F52394F3FF00B3FD4B /* UIView+ */ = {
			isa = PBXGroup;
			children = (
				7E5A58F62394F40E00B3FD4B /* UIView+ATKit.h */,
				7E5A58F72394F40E00B3FD4B /* UIView+ATKit.m */,
			);
			path = "UIView+";
			sourceTree = "<group>";
		};
		7E5A58FE2395077C00B3FD4B /* uiInfo */ = {
			isa = PBXGroup;
			children = (
				7EDD7E95238FEDA5001466E2 /* ATViewAndLayerController.h */,
				7EDD7E96238FEDA5001466E2 /* ATViewAndLayerController.m */,
			);
			path = uiInfo;
			sourceTree = "<group>";
		};
		7E5A58FF239507A900B3FD4B /* ocCharacter */ = {
			isa = PBXGroup;
			children = (
				7EB64EED207B3CEE0069AEA1 /* KVO */,
				7E04291F20919787009BCABB /* KVC */,
				7E0A9BCA207367B400524B2D /* Copy */,
				7EF63E0D2074652700F6F841 /* Runtime */,
			);
			path = ocCharacter;
			sourceTree = "<group>";
		};
		7E7D4C56207EFA34003EBEC1 /* Pool */ = {
			isa = PBXGroup;
			children = (
				7E7D4C57207EFA66003EBEC1 /* ATPoolViewController.h */,
				7E7D4C58207EFA66003EBEC1 /* ATPoolViewController.m */,
			);
			path = Pool;
			sourceTree = "<group>";
		};
		7E7D4C5A207F2E9D003EBEC1 /* Video */ = {
			isa = PBXGroup;
			children = (
			);
			path = Video;
			sourceTree = "<group>";
		};
		7E8E1EDA2398DDCD00DF039B /* algorithm */ = {
			isa = PBXGroup;
			children = (
				7E8E1EDB2398DE0100DF039B /* ATAlgorithmViewController.h */,
				7E8E1EDC2398DE0100DF039B /* ATAlgorithmViewController.m */,
				7E8E1EDE2398E09500DF039B /* ATAlgorithmPresenter.h */,
				7E8E1EDF2398E09500DF039B /* ATAlgorithmPresenter.m */,
				7E8E1EE12398E0AD00DF039B /* ATAlgorithmPresenterIO.h */,
				7E8E1EED2399259600DF039B /* ATLinkedListViewController.h */,
				7E8E1EEE2399259600DF039B /* ATLinkedListViewController.m */,
				7E8E1EE52399255200DF039B /* LinkedMap */,
				7E8E1EE82399255200DF039B /* SingleLinkedList */,
			);
			path = algorithm;
			sourceTree = "<group>";
		};
		7E8E1EE52399255200DF039B /* LinkedMap */ = {
			isa = PBXGroup;
			children = (
				7E8E1EE62399255200DF039B /* BBLinkedMap.h */,
				7E8E1EE72399255200DF039B /* BBLinkedMap.m */,
			);
			path = LinkedMap;
			sourceTree = "<group>";
		};
		7E8E1EE82399255200DF039B /* SingleLinkedList */ = {
			isa = PBXGroup;
			children = (
				7E8E1EE92399255200DF039B /* BBSingleLinkedList.h */,
				7E8E1EEA2399255200DF039B /* BBSingleLinkedList.m */,
			);
			path = SingleLinkedList;
			sourceTree = "<group>";
		};
		7E97EC22209449AD00F81D57 /* storage */ = {
			isa = PBXGroup;
			children = (
				7E97EC2320944A0300F81D57 /* storage */,
			);
			path = storage;
			sourceTree = "<group>";
		};
		7E97EC2320944A0300F81D57 /* storage */ = {
			isa = PBXGroup;
			children = (
				7E97EC2420944A1000F81D57 /* ATStorageViewController.h */,
				7E97EC2520944A1000F81D57 /* ATStorageViewController.m */,
				7E97EC2720944A8200F81D57 /* ATKeyedArchiverModel.h */,
				7E97EC2820944A8200F81D57 /* ATKeyedArchiverModel.m */,
			);
			path = storage;
			sourceTree = "<group>";
		};
		7EB5061D2225435F00F7D957 /* Store */ = {
			isa = PBXGroup;
			children = (
				7EB5061E2225437F00F7D957 /* ATStoreViewController.h */,
				7EB5061F2225437F00F7D957 /* ATStoreViewController.m */,
				7EB506212225445F00F7D957 /* Archiver */,
			);
			path = Store;
			sourceTree = "<group>";
		};
		7EB506212225445F00F7D957 /* Archiver */ = {
			isa = PBXGroup;
			children = (
				7EB506222225447A00F7D957 /* ATStoreArchiverViewController.h */,
				7EB506232225447A00F7D957 /* ATStoreArchiverViewController.m */,
			);
			path = Archiver;
			sourceTree = "<group>";
		};
		7EB64EED207B3CEE0069AEA1 /* KVO */ = {
			isa = PBXGroup;
			children = (
				7EB64EF1207B4C780069AEA1 /* ATKVOViewController.h */,
				7EB64EF2207B4C780069AEA1 /* ATKVOViewController.m */,
				7EB64EF3207B4C780069AEA1 /* ATKVOViewController.xib */,
				7EB64EF6207B4FF80069AEA1 /* ATKVOModel.h */,
				7EB64EF7207B4FF80069AEA1 /* ATKVOModel.m */,
			);
			path = KVO;
			sourceTree = "<group>";
		};
		7ED58A3520805C5200ABEA3D /* MultiThread */ = {
			isa = PBXGroup;
			children = (
				7EE8280B20A5759800B4E7D3 /* Thread */,
				7EDDE6EF209629E5001A14E8 /* Operation */,
				7EDDE6EE209629DD001A14E8 /* GCD */,
				7EDDE6ED209629C1001A14E8 /* MultiThread */,
			);
			path = MultiThread;
			sourceTree = "<group>";
		};
		7EDD7E7B238FCC98001466E2 /* 2018 */ = {
			isa = PBXGroup;
			children = (
				7E8E1EDA2398DDCD00DF039B /* algorithm */,
				7E5A58FF239507A900B3FD4B /* ocCharacter */,
				7E5A58FE2395077C00B3FD4B /* uiInfo */,
				7EDD7E91238FED0A001466E2 /* ViewRelated */,
				7EDD7E7C238FCCFD001466E2 /* InterviewQuestions */,
			);
			path = 2018;
			sourceTree = "<group>";
		};
		7EDD7E7C238FCCFD001466E2 /* InterviewQuestions */ = {
			isa = PBXGroup;
			children = (
				7EDD7E7D238FCD21001466E2 /* ATInterviewViewController.h */,
				7EDD7E7E238FCD21001466E2 /* ATInterviewViewController.m */,
				7E5A58D82394F1A500B3FD4B /* ATInterviewPresenter.h */,
				7E5A58D92394F1A500B3FD4B /* ATInterviewPresenter.m */,
				7E5A58DB2394F1D400B3FD4B /* ATInterviewPresenterIO.h */,
				7E5A59022395133600B3FD4B /* ATQuestionModel.h */,
				7E5A59032395133600B3FD4B /* ATQuestionModel.m */,
				7E5A590123950CAE00B3FD4B /* ATInterviewQuestions.json */,
			);
			path = InterviewQuestions;
			sourceTree = "<group>";
		};
		7EDD7E80238FD095001466E2 /* Legacy */ = {
			isa = PBXGroup;
			children = (
				7E5A58DC2394F30A00B3FD4B /* Global */,
				7EDD7E81238FD0C6001466E2 /* Category */,
			);
			path = Legacy;
			sourceTree = "<group>";
		};
		7EDD7E81238FD0C6001466E2 /* Category */ = {
			isa = PBXGroup;
			children = (
				7E5A58F52394F3FF00B3FD4B /* UIView+ */,
				7EDD7E8D238FD0F6001466E2 /* UIControl+ */,
				7EDD7E89238FD0DB001466E2 /* UIButton+ */,
				7EDD7E82238FD0D5001466E2 /* UILabel+ */,
			);
			path = Category;
			sourceTree = "<group>";
		};
		7EDD7E82238FD0D5001466E2 /* UILabel+ */ = {
			isa = PBXGroup;
			children = (
				7EDD7E84238FD0D5001466E2 /* UILabel+ATHelper.h */,
				7EDD7E85238FD0D5001466E2 /* UILabel+ATHelper.m */,
				7EDD7E83238FD0D5001466E2 /* UILabel+ATChangeLineSpaceAndWordSpace.h */,
				7EDD7E86238FD0D5001466E2 /* UILabel+ATChangeLineSpaceAndWordSpace.m */,
			);
			path = "UILabel+";
			sourceTree = "<group>";
		};
		7EDD7E89238FD0DB001466E2 /* UIButton+ */ = {
			isa = PBXGroup;
			children = (
				7EDD7E8A238FD0DB001466E2 /* UIButton+ATHelper.h */,
				7EDD7E8B238FD0DB001466E2 /* UIButton+ATHelper.m */,
			);
			path = "UIButton+";
			sourceTree = "<group>";
		};
		7EDD7E8D238FD0F6001466E2 /* UIControl+ */ = {
			isa = PBXGroup;
			children = (
				7EDD7E8F238FD0F6001466E2 /* UIControl+ATFixMultiClick.h */,
				7EDD7E8E238FD0F6001466E2 /* UIControl+ATFixMultiClick.m */,
			);
			path = "UIControl+";
			sourceTree = "<group>";
		};
		7EDD7E91238FED0A001466E2 /* ViewRelated */ = {
			isa = PBXGroup;
			children = (
				7E5A58F92394FD5B00B3FD4B /* ATViewRelatedDefine.h */,
				7EDD7E92238FED29001466E2 /* ATViewRelatedController.h */,
				7EDD7E93238FED29001466E2 /* ATViewRelatedController.m */,
				7E5A58FA2394FF2D00B3FD4B /* ATViewRelatedPresenter.h */,
				7E5A58FB2394FF2D00B3FD4B /* ATViewRelatedPresenter.m */,
				7E5A58FD2394FF3E00B3FD4B /* ATViewRelatedPresenterIO.h */,
			);
			path = ViewRelated;
			sourceTree = "<group>";
		};
		7EDDE6ED209629C1001A14E8 /* MultiThread */ = {
			isa = PBXGroup;
			children = (
				7ED58A3620805C6500ABEA3D /* ATMultiThreadViewController.h */,
				7ED58A3720805C6500ABEA3D /* ATMultiThreadViewController.m */,
				7EDDE6F620962B31001A14E8 /* ATMultiThreadViewModel.h */,
				7EDDE6F720962B31001A14E8 /* ATMultiThreadViewModel.m */,
				7EDDE6F920962BB3001A14E8 /* ATMultiThreadDefine.h */,
			);
			path = MultiThread;
			sourceTree = "<group>";
		};
		7EDDE6EE209629DD001A14E8 /* GCD */ = {
			isa = PBXGroup;
			children = (
				7EDDE6FA20962E52001A14E8 /* ATGCDViewController.h */,
				7EDDE6FB20962E52001A14E8 /* ATGCDViewController.m */,
			);
			path = GCD;
			sourceTree = "<group>";
		};
		7EDDE6EF209629E5001A14E8 /* Operation */ = {
			isa = PBXGroup;
			children = (
				7EDDE6F020962A11001A14E8 /* ATOperationViewController.h */,
				7EDDE6F120962A11001A14E8 /* ATOperationViewController.m */,
				7EDDE6F320962A4F001A14E8 /* ATOperationModel.h */,
				7EDDE6F420962A4F001A14E8 /* ATOperationModel.m */,
			);
			path = Operation;
			sourceTree = "<group>";
		};
		7EE1F0172079FDEE00783702 /* resource */ = {
			isa = PBXGroup;
			children = (
				7EE1F0182079FE0500783702 /* runtimeDemo.md */,
			);
			path = resource;
			sourceTree = "<group>";
		};
		7EE8280B20A5759800B4E7D3 /* Thread */ = {
			isa = PBXGroup;
			children = (
				7EE8280C20A575C200B4E7D3 /* ATThreadViewController.h */,
				7EE8280D20A575C200B4E7D3 /* ATThreadViewController.m */,
				7EE8280F20A583D400B4E7D3 /* ATThreadViewModel.h */,
				7EE8281020A583D400B4E7D3 /* ATThreadViewModel.m */,
				7EE8281220A5843E00B4E7D3 /* ATThreadDefine.h */,
				7EE8281B20A59D0800B4E7D3 /* ThreadRunLoop */,
				7EE8281720A584E500B4E7D3 /* ThreadMemory */,
				7EE8281320A584D000B4E7D3 /* ThreadSaleTicket */,
			);
			path = Thread;
			sourceTree = "<group>";
		};
		7EE8281320A584D000B4E7D3 /* ThreadSaleTicket */ = {
			isa = PBXGroup;
			children = (
				7EE8281420A584E100B4E7D3 /* ATThreadSaleTicketViewController.h */,
				7EE8281520A584E100B4E7D3 /* ATThreadSaleTicketViewController.m */,
			);
			path = ThreadSaleTicket;
			sourceTree = "<group>";
		};
		7EE8281720A584E500B4E7D3 /* ThreadMemory */ = {
			isa = PBXGroup;
			children = (
				7EE8281820A584FB00B4E7D3 /* ATThreadMemoryViewController.h */,
				7EE8281920A584FB00B4E7D3 /* ATThreadMemoryViewController.m */,
			);
			path = ThreadMemory;
			sourceTree = "<group>";
		};
		7EE8281B20A59D0800B4E7D3 /* ThreadRunLoop */ = {
			isa = PBXGroup;
			children = (
				7EE8281C20A59D2500B4E7D3 /* ATThreadRunLoopViewController.h */,
				7EE8281D20A59D2500B4E7D3 /* ATThreadRunLoopViewController.m */,
				7EE8281F20A59D7E00B4E7D3 /* Foo.h */,
				7EE8282020A59D7E00B4E7D3 /* Foo.m */,
			);
			path = ThreadRunLoop;
			sourceTree = "<group>";
		};
		7EF63E0D2074652700F6F841 /* Runtime */ = {
			isa = PBXGroup;
			children = (
				7EF63E0E207466EB00F6F841 /* ATRuntimeViewController.h */,
				7EF63E0F207466EB00F6F841 /* ATRuntimeViewController.m */,
				7EE1F0162079C11B00783702 /* ATRuntimeDefine.h */,
				7EE1F0132079C01600783702 /* ATRuntimeViewModel.h */,
				7EE1F0142079C01600783702 /* ATRuntimeViewModel.m */,
				7EC603022396638A00E27387 /* ATRuntimeCell.h */,
				7EC603032396638A00E27387 /* ATRuntimeCell.m */,
				7EF63E11207466FD00F6F841 /* ATRuntimePerson.h */,
				7EF63E12207466FD00F6F841 /* ATRuntimePerson.m */,
				7EF63E142074708700F6F841 /* ATPerson+addProperty.h */,
				7EF63E152074708700F6F841 /* ATPerson+addProperty.m */,
				7EE1F00D2079BDEE00783702 /* ATDetailCodeViewController.h */,
				7EE1F00E2079BDEE00783702 /* ATDetailCodeViewController.m */,
				7EE1F0172079FDEE00783702 /* resource */,
			);
			path = Runtime;
			sourceTree = "<group>";
		};
		7EFF53A02092CA2800938F24 /* Sort */ = {
			isa = PBXGroup;
			children = (
				7EFF53A12092CA3200938F24 /* Sort */,
			);
			path = Sort;
			sourceTree = "<group>";
		};
		7EFF53A12092CA3200938F24 /* Sort */ = {
			isa = PBXGroup;
			children = (
				7EFF53A22092CA4800938F24 /* ATSortViewController.h */,
				7EFF53A32092CA4800938F24 /* ATSortViewController.m */,
				7EFF53A52092CAA000938F24 /* ATSortViewModel.h */,
				7EFF53A62092CAA000938F24 /* ATSortViewModel.m */,
				7EFF53A82092CB8100938F24 /* ATSortDefine.h */,
			);
			path = Sort;
			sourceTree = "<group>";
		};
		7EFF53A92092F1EB00938F24 /* Block */ = {
			isa = PBXGroup;
			children = (
				7EFF53AA2092F1FF00938F24 /* ATBlockViewController.h */,
				7EFF53AB2092F1FF00938F24 /* ATBlockViewController.m */,
				7EFF53AD2092FE2800938F24 /* ATTestViewController.h */,
				7EFF53AE2092FE2800938F24 /* ATTestViewController.m */,
			);
			path = Block;
			sourceTree = "<group>";
		};
		873FBBF84FBE3C0F893F57BB /* Pods */ = {
			isa = PBXGroup;
			children = (
				1AFCFE7C66193EB40A569E43 /* Pods-iOSLearn.debug.xcconfig */,
				0D2F83B2AF978F74272CFF11 /* Pods-iOSLearn.release.xcconfig */,
			);
			name = Pods;
			sourceTree = "<group>";
		};
		D1A52F2ACAC10DB66C3A96F2 /* Frameworks */ = {
			isa = PBXGroup;
			children = (
				71553DBFEA62B0121DE4B2E3 /* libPods-iOSLearn.a */,
			);
			name = Frameworks;
			sourceTree = "<group>";
		};
/* End PBXGroup section */

/* Begin PBXNativeTarget section */
		7E0A9B942073673100524B2D /* iOSLearn */ = {
			isa = PBXNativeTarget;
			buildConfigurationList = 7E0A9BC12073673400524B2D /* Build configuration list for PBXNativeTarget "iOSLearn" */;
			buildPhases = (
				38453F53851EF7A14F422E9E /* [CP] Check Pods Manifest.lock */,
				7E0A9B912073673100524B2D /* Sources */,
				7E0A9B922073673100524B2D /* Frameworks */,
				7E0A9B932073673100524B2D /* Resources */,
				2E6E404542B3EDC379218A9A /* [CP] Copy Pods Resources */,
			);
			buildRules = (
			);
			dependencies = (
			);
			name = iOSLearn;
			productName = iOSLearn;
			productReference = 7E0A9B952073673100524B2D /* iOSLearn.app */;
			productType = "com.apple.product-type.application";
		};
		7E0A9BAC2073673400524B2D /* iOSLearnTests */ = {
			isa = PBXNativeTarget;
			buildConfigurationList = 7E0A9BC42073673400524B2D /* Build configuration list for PBXNativeTarget "iOSLearnTests" */;
			buildPhases = (
				7E0A9BA92073673400524B2D /* Sources */,
				7E0A9BAA2073673400524B2D /* Frameworks */,
				7E0A9BAB2073673400524B2D /* Resources */,
			);
			buildRules = (
			);
			dependencies = (
				7E0A9BAF2073673400524B2D /* PBXTargetDependency */,
			);
			name = iOSLearnTests;
			productName = iOSLearnTests;
			productReference = 7E0A9BAD2073673400524B2D /* iOSLearnTests.xctest */;
			productType = "com.apple.product-type.bundle.unit-test";
		};
		7E0A9BB72073673400524B2D /* iOSLearnUITests */ = {
			isa = PBXNativeTarget;
			buildConfigurationList = 7E0A9BC72073673400524B2D /* Build configuration list for PBXNativeTarget "iOSLearnUITests" */;
			buildPhases = (
				7E0A9BB42073673400524B2D /* Sources */,
				7E0A9BB52073673400524B2D /* Frameworks */,
				7E0A9BB62073673400524B2D /* Resources */,
			);
			buildRules = (
			);
			dependencies = (
				7E0A9BBA2073673400524B2D /* PBXTargetDependency */,
			);
			name = iOSLearnUITests;
			productName = iOSLearnUITests;
			productReference = 7E0A9BB82073673400524B2D /* iOSLearnUITests.xctest */;
			productType = "com.apple.product-type.bundle.ui-testing";
		};
/* End PBXNativeTarget section */

/* Begin PBXProject section */
		7E0A9B8D2073673100524B2D /* Project object */ = {
			isa = PBXProject;
			attributes = {
				CLASSPREFIX = AT;
				LastUpgradeCheck = 0930;
				ORGANIZATIONNAME = Avatar;
				TargetAttributes = {
					7E0A9B942073673100524B2D = {
						CreatedOnToolsVersion = 9.3;
					};
					7E0A9BAC2073673400524B2D = {
						CreatedOnToolsVersion = 9.3;
						TestTargetID = 7E0A9B942073673100524B2D;
					};
					7E0A9BB72073673400524B2D = {
						CreatedOnToolsVersion = 9.3;
						TestTargetID = 7E0A9B942073673100524B2D;
					};
				};
			};
			buildConfigurationList = 7E0A9B902073673100524B2D /* Build configuration list for PBXProject "iOSLearn" */;
			compatibilityVersion = "Xcode 9.3";
			developmentRegion = en;
			hasScannedForEncodings = 0;
			knownRegions = (
				en,
				Base,
			);
			mainGroup = 7E0A9B8C2073673100524B2D;
			productRefGroup = 7E0A9B962073673100524B2D /* Products */;
			projectDirPath = "";
			projectRoot = "";
			targets = (
				7E0A9B942073673100524B2D /* iOSLearn */,
				7E0A9BAC2073673400524B2D /* iOSLearnTests */,
				7E0A9BB72073673400524B2D /* iOSLearnUITests */,
			);
		};
/* End PBXProject section */

/* Begin PBXResourcesBuildPhase section */
		7E0A9B932073673100524B2D /* Resources */ = {
			isa = PBXResourcesBuildPhase;
			buildActionMask = 2147483647;
			files = (
				7E0A9BA52073673300524B2D /* LaunchScreen.storyboard in Resources */,
				7EB64EF5207B4C780069AEA1 /* ATKVOViewController.xib in Resources */,
				7E1DA95823979A00000C105B /* BuriedPoint.plist in Resources */,
				7E5A5908239514EB00B3FD4B /* ATInterviewQuestions.json in Resources */,
				7E0A9BA22073673300524B2D /* Assets.xcassets in Resources */,
				7EE1F0192079FE0500783702 /* runtimeDemo.md in Resources */,
				7E0A9BA02073673100524B2D /* Main.storyboard in Resources */,
			);
			runOnlyForDeploymentPostprocessing = 0;
		};
		7E0A9BAB2073673400524B2D /* Resources */ = {
			isa = PBXResourcesBuildPhase;
			buildActionMask = 2147483647;
			files = (
			);
			runOnlyForDeploymentPostprocessing = 0;
		};
		7E0A9BB62073673400524B2D /* Resources */ = {
			isa = PBXResourcesBuildPhase;
			buildActionMask = 2147483647;
			files = (
			);
			runOnlyForDeploymentPostprocessing = 0;
		};
/* End PBXResourcesBuildPhase section */

/* Begin PBXShellScriptBuildPhase section */
		2E6E404542B3EDC379218A9A /* [CP] Copy Pods Resources */ = {
			isa = PBXShellScriptBuildPhase;
			buildActionMask = 2147483647;
			files = (
			);
			inputFileListPaths = (
				"${PODS_ROOT}/Target Support Files/Pods-iOSLearn/Pods-iOSLearn-resources-${CONFIGURATION}-input-files.xcfilelist",
			);
			name = "[CP] Copy Pods Resources";
			outputFileListPaths = (
				"${PODS_ROOT}/Target Support Files/Pods-iOSLearn/Pods-iOSLearn-resources-${CONFIGURATION}-output-files.xcfilelist",
			);
			runOnlyForDeploymentPostprocessing = 0;
			shellPath = /bin/sh;
			shellScript = "\"${PODS_ROOT}/Target Support Files/Pods-iOSLearn/Pods-iOSLearn-resources.sh\"\n";
			showEnvVarsInLog = 0;
		};
		38453F53851EF7A14F422E9E /* [CP] Check Pods Manifest.lock */ = {
			isa = PBXShellScriptBuildPhase;
			buildActionMask = 2147483647;
			files = (
			);
			inputPaths = (
				"${PODS_PODFILE_DIR_PATH}/Podfile.lock",
				"${PODS_ROOT}/Manifest.lock",
			);
			name = "[CP] Check Pods Manifest.lock";
			outputPaths = (
				"$(DERIVED_FILE_DIR)/Pods-iOSLearn-checkManifestLockResult.txt",
			);
			runOnlyForDeploymentPostprocessing = 0;
			shellPath = /bin/sh;
			shellScript = "diff \"${PODS_PODFILE_DIR_PATH}/Podfile.lock\" \"${PODS_ROOT}/Manifest.lock\" > /dev/null\nif [ $? != 0 ] ; then\n    # print error to STDERR\n    echo \"error: The sandbox is not in sync with the Podfile.lock. Run 'pod install' or update your CocoaPods installation.\" >&2\n    exit 1\nfi\n# This output is used by Xcode 'outputs' to avoid re-running this script phase.\necho \"SUCCESS\" > \"${SCRIPT_OUTPUT_FILE_0}\"\n";
			showEnvVarsInLog = 0;
		};
/* End PBXShellScriptBuildPhase section */

/* Begin PBXSourcesBuildPhase section */
		7E0A9B912073673100524B2D /* Sources */ = {
			isa = PBXSourcesBuildPhase;
			buildActionMask = 2147483647;
			files = (
				7EF63E162074708700F6F841 /* ATPerson+addProperty.m in Sources */,
				7E5A58FC2394FF2D00B3FD4B /* ATViewRelatedPresenter.m in Sources */,
				7E1DA95123979075000C105B /* ATDaoFactory.m in Sources */,
				7EB506202225437F00F7D957 /* ATStoreViewController.m in Sources */,
				7E5599E520995B0D00EC307A /* ATTimerViewController.m in Sources */,
				7EE8281A20A584FB00B4E7D3 /* ATThreadMemoryViewController.m in Sources */,
				7EDDE6F820962B31001A14E8 /* ATMultiThreadViewModel.m in Sources */,
				7EE8281120A583D400B4E7D3 /* ATThreadViewModel.m in Sources */,
				7EC603012396635400E27387 /* ATBaseTableViewCell.m in Sources */,
				7E8E1EE02398E09500DF039B /* ATAlgorithmPresenter.m in Sources */,
				7E97EC2920944A8200F81D57 /* ATKeyedArchiverModel.m in Sources */,
				7E7D4C59207EFA66003EBEC1 /* ATPoolViewController.m in Sources */,
				7E97EC2620944A1000F81D57 /* ATStorageViewController.m in Sources */,
				7EDD7E97238FEDA5001466E2 /* ATViewAndLayerController.m in Sources */,
				7E5A59072395135600B3FD4B /* ATBaseModel.m in Sources */,
				7EDD7E7F238FCD21001466E2 /* ATInterviewViewController.m in Sources */,
				7EDD7E94238FED2A001466E2 /* ATViewRelatedController.m in Sources */,
				7E0E18B1207382EA00B6C1F9 /* ATBaseViewController.m in Sources */,
				7EE1F01C207A0B2E00783702 /* ATOldCommonTableModel.m in Sources */,
				7EE1F0152079C01600783702 /* ATRuntimeViewModel.m in Sources */,
				7E1DA95B2397B686000C105B /* ATBaseLogicDaoImpl.m in Sources */,
				7E1DA95623979445000C105B /* ATStatistics.m in Sources */,
				7EE1F0122079BFC800783702 /* ATBaseViewModel.m in Sources */,
				7E5A58D02394BAA700B3FD4B /* ATContentViewController.m in Sources */,
				7E5A58F22394F3BD00B3FD4B /* ATCommonTableView.m in Sources */,
				7EE8281E20A59D2500B4E7D3 /* ATThreadRunLoopViewController.m in Sources */,
				7E0E18AE207381A300B6C1F9 /* ATDeepShallowCopyViewController.m in Sources */,
				7EB64EF4207B4C780069AEA1 /* ATKVOViewController.m in Sources */,
				7ED58A3820805C6500ABEA3D /* ATMultiThreadViewController.m in Sources */,
				7E0A9B9D2073673100524B2D /* ViewController.m in Sources */,
				7E8E1EEC2399255200DF039B /* BBSingleLinkedList.m in Sources */,
				7EE8281620A584E100B4E7D3 /* ATThreadSaleTicketViewController.m in Sources */,
				7E0A9BA82073673400524B2D /* main.m in Sources */,
				7E5A58F42394F3BD00B3FD4B /* ATTableViewAdapter.m in Sources */,
				7E49EFB32078836700405ED0 /* ATOldCommonTableView.m in Sources */,
				7EE8280E20A575C200B4E7D3 /* ATThreadViewController.m in Sources */,
				7EDDE6F220962A11001A14E8 /* ATOperationViewController.m in Sources */,
				7EB506242225447A00F7D957 /* ATStoreArchiverViewController.m in Sources */,
				7EE8282120A59D7E00B4E7D3 /* Foo.m in Sources */,
				7E1DA9622397B897000C105B /* ATPageVisitModel.m in Sources */,
				7EDD7E87238FD0D5001466E2 /* UILabel+ATHelper.m in Sources */,
				7EFF53AC2092F1FF00938F24 /* ATBlockViewController.m in Sources */,
				7EDD7E7A238FCA6F001466E2 /* ATTabBarControllerConfig.m in Sources */,
				7EDDE6FC20962E52001A14E8 /* ATGCDViewController.m in Sources */,
				7E5A58D42394E6D400B3FD4B /* ATBaseNavigationController.m in Sources */,
				7EF63E13207466FD00F6F841 /* ATRuntimePerson.m in Sources */,
				7EDD7E90238FD0F6001466E2 /* UIControl+ATFixMultiClick.m in Sources */,
				7EFF53A42092CA4800938F24 /* ATSortViewController.m in Sources */,
				7E8E1EEB2399255200DF039B /* BBLinkedMap.m in Sources */,
				7EB64EF8207B4FF80069AEA1 /* ATKVOModel.m in Sources */,
				7EDD7E8C238FD0DB001466E2 /* UIButton+ATHelper.m in Sources */,
				7E04292520919ACC009BCABB /* ATStudentKVCModel.m in Sources */,
				7E5A58F82394F40E00B3FD4B /* UIView+ATKit.m in Sources */,
				7E042922209197A3009BCABB /* ATKVCViewController.m in Sources */,
				7EFF53AF2092FE2800938F24 /* ATTestViewController.m in Sources */,
				7EF63E10207466EB00F6F841 /* ATRuntimeViewController.m in Sources */,
				7E5A58D72394F18B00B3FD4B /* ATBasePresenter.m in Sources */,
				7EDD7E88238FD0D5001466E2 /* UILabel+ATChangeLineSpaceAndWordSpace.m in Sources */,
				7E1DA95E2397B73F000C105B /* ATPageVisitLogicDaoImpl.m in Sources */,
				7EC603042396638A00E27387 /* ATRuntimeCell.m in Sources */,
				7E5A58F32394F3BD00B3FD4B /* ATCommonTableData.m in Sources */,
				7E0A9B9A2073673100524B2D /* AppDelegate.m in Sources */,
				7EE1F00F2079BDEE00783702 /* ATDetailCodeViewController.m in Sources */,
				7E5A58DA2394F1A500B3FD4B /* ATInterviewPresenter.m in Sources */,
				7EFF53A72092CAA000938F24 /* ATSortViewModel.m in Sources */,
				7E0A9BD0207377C300524B2D /* HomeViewController.m in Sources */,
				7E8E1EDD2398DE0100DF039B /* ATAlgorithmViewController.m in Sources */,
				7E0A9BCD207367C700524B2D /* Student.m in Sources */,
				7E8E1EEF2399259600DF039B /* ATLinkedListViewController.m in Sources */,
				7E5A59042395133600B3FD4B /* ATQuestionModel.m in Sources */,
				7EDDE6F520962A4F001A14E8 /* ATOperationModel.m in Sources */,
			);
			runOnlyForDeploymentPostprocessing = 0;
		};
		7E0A9BA92073673400524B2D /* Sources */ = {
			isa = PBXSourcesBuildPhase;
			buildActionMask = 2147483647;
			files = (
				7E0A9BB22073673400524B2D /* iOSLearnTests.m in Sources */,
			);
			runOnlyForDeploymentPostprocessing = 0;
		};
		7E0A9BB42073673400524B2D /* Sources */ = {
			isa = PBXSourcesBuildPhase;
			buildActionMask = 2147483647;
			files = (
				7E0A9BBD2073673400524B2D /* iOSLearnUITests.m in Sources */,
			);
			runOnlyForDeploymentPostprocessing = 0;
		};
/* End PBXSourcesBuildPhase section */

/* Begin PBXTargetDependency section */
		7E0A9BAF2073673400524B2D /* PBXTargetDependency */ = {
			isa = PBXTargetDependency;
			target = 7E0A9B942073673100524B2D /* iOSLearn */;
			targetProxy = 7E0A9BAE2073673400524B2D /* PBXContainerItemProxy */;
		};
		7E0A9BBA2073673400524B2D /* PBXTargetDependency */ = {
			isa = PBXTargetDependency;
			target = 7E0A9B942073673100524B2D /* iOSLearn */;
			targetProxy = 7E0A9BB92073673400524B2D /* PBXContainerItemProxy */;
		};
/* End PBXTargetDependency section */

/* Begin PBXVariantGroup section */
		7E0A9B9E2073673100524B2D /* Main.storyboard */ = {
			isa = PBXVariantGroup;
			children = (
				7E0A9B9F2073673100524B2D /* Base */,
			);
			name = Main.storyboard;
			sourceTree = "<group>";
		};
		7E0A9BA32073673300524B2D /* LaunchScreen.storyboard */ = {
			isa = PBXVariantGroup;
			children = (
				7E0A9BA42073673300524B2D /* Base */,
			);
			name = LaunchScreen.storyboard;
			sourceTree = "<group>";
		};
/* End PBXVariantGroup section */

/* Begin XCBuildConfiguration section */
		7E0A9BBF2073673400524B2D /* Debug */ = {
			isa = XCBuildConfiguration;
			buildSettings = {
				ALWAYS_SEARCH_USER_PATHS = NO;
				CLANG_ANALYZER_NONNULL = YES;
				CLANG_ANALYZER_NUMBER_OBJECT_CONVERSION = YES_AGGRESSIVE;
				CLANG_CXX_LANGUAGE_STANDARD = "gnu++14";
				CLANG_CXX_LIBRARY = "libc++";
				CLANG_ENABLE_MODULES = YES;
				CLANG_ENABLE_OBJC_ARC = YES;
				CLANG_ENABLE_OBJC_WEAK = YES;
				CLANG_WARN_BLOCK_CAPTURE_AUTORELEASING = YES;
				CLANG_WARN_BOOL_CONVERSION = YES;
				CLANG_WARN_COMMA = YES;
				CLANG_WARN_CONSTANT_CONVERSION = YES;
				CLANG_WARN_DEPRECATED_OBJC_IMPLEMENTATIONS = YES;
				CLANG_WARN_DIRECT_OBJC_ISA_USAGE = YES_ERROR;
				CLANG_WARN_DOCUMENTATION_COMMENTS = YES;
				CLANG_WARN_EMPTY_BODY = YES;
				CLANG_WARN_ENUM_CONVERSION = YES;
				CLANG_WARN_INFINITE_RECURSION = YES;
				CLANG_WARN_INT_CONVERSION = YES;
				CLANG_WARN_NON_LITERAL_NULL_CONVERSION = YES;
				CLANG_WARN_OBJC_IMPLICIT_RETAIN_SELF = YES;
				CLANG_WARN_OBJC_LITERAL_CONVERSION = YES;
				CLANG_WARN_OBJC_ROOT_CLASS = YES_ERROR;
				CLANG_WARN_RANGE_LOOP_ANALYSIS = YES;
				CLANG_WARN_STRICT_PROTOTYPES = YES;
				CLANG_WARN_SUSPICIOUS_MOVE = YES;
				CLANG_WARN_UNGUARDED_AVAILABILITY = YES_AGGRESSIVE;
				CLANG_WARN_UNREACHABLE_CODE = YES;
				CLANG_WARN__DUPLICATE_METHOD_MATCH = YES;
				CODE_SIGN_IDENTITY = "iPhone Developer";
				COPY_PHASE_STRIP = NO;
				DEBUG_INFORMATION_FORMAT = dwarf;
				ENABLE_STRICT_OBJC_MSGSEND = YES;
				ENABLE_TESTABILITY = YES;
				GCC_C_LANGUAGE_STANDARD = gnu11;
				GCC_DYNAMIC_NO_PIC = NO;
				GCC_NO_COMMON_BLOCKS = YES;
				GCC_OPTIMIZATION_LEVEL = 0;
				GCC_PREPROCESSOR_DEFINITIONS = (
					"DEBUG=1",
					"$(inherited)",
				);
				GCC_WARN_64_TO_32_BIT_CONVERSION = YES;
				GCC_WARN_ABOUT_RETURN_TYPE = YES_ERROR;
				GCC_WARN_UNDECLARED_SELECTOR = YES;
				GCC_WARN_UNINITIALIZED_AUTOS = YES_AGGRESSIVE;
				GCC_WARN_UNUSED_FUNCTION = YES;
				GCC_WARN_UNUSED_VARIABLE = YES;
				IPHONEOS_DEPLOYMENT_TARGET = 11.3;
				MTL_ENABLE_DEBUG_INFO = YES;
				ONLY_ACTIVE_ARCH = YES;
				SDKROOT = iphoneos;
			};
			name = Debug;
		};
		7E0A9BC02073673400524B2D /* Release */ = {
			isa = XCBuildConfiguration;
			buildSettings = {
				ALWAYS_SEARCH_USER_PATHS = NO;
				CLANG_ANALYZER_NONNULL = YES;
				CLANG_ANALYZER_NUMBER_OBJECT_CONVERSION = YES_AGGRESSIVE;
				CLANG_CXX_LANGUAGE_STANDARD = "gnu++14";
				CLANG_CXX_LIBRARY = "libc++";
				CLANG_ENABLE_MODULES = YES;
				CLANG_ENABLE_OBJC_ARC = YES;
				CLANG_ENABLE_OBJC_WEAK = YES;
				CLANG_WARN_BLOCK_CAPTURE_AUTORELEASING = YES;
				CLANG_WARN_BOOL_CONVERSION = YES;
				CLANG_WARN_COMMA = YES;
				CLANG_WARN_CONSTANT_CONVERSION = YES;
				CLANG_WARN_DEPRECATED_OBJC_IMPLEMENTATIONS = YES;
				CLANG_WARN_DIRECT_OBJC_ISA_USAGE = YES_ERROR;
				CLANG_WARN_DOCUMENTATION_COMMENTS = YES;
				CLANG_WARN_EMPTY_BODY = YES;
				CLANG_WARN_ENUM_CONVERSION = YES;
				CLANG_WARN_INFINITE_RECURSION = YES;
				CLANG_WARN_INT_CONVERSION = YES;
				CLANG_WARN_NON_LITERAL_NULL_CONVERSION = YES;
				CLANG_WARN_OBJC_IMPLICIT_RETAIN_SELF = YES;
				CLANG_WARN_OBJC_LITERAL_CONVERSION = YES;
				CLANG_WARN_OBJC_ROOT_CLASS = YES_ERROR;
				CLANG_WARN_RANGE_LOOP_ANALYSIS = YES;
				CLANG_WARN_STRICT_PROTOTYPES = YES;
				CLANG_WARN_SUSPICIOUS_MOVE = YES;
				CLANG_WARN_UNGUARDED_AVAILABILITY = YES_AGGRESSIVE;
				CLANG_WARN_UNREACHABLE_CODE = YES;
				CLANG_WARN__DUPLICATE_METHOD_MATCH = YES;
				CODE_SIGN_IDENTITY = "iPhone Developer";
				COPY_PHASE_STRIP = NO;
				DEBUG_INFORMATION_FORMAT = "dwarf-with-dsym";
				ENABLE_NS_ASSERTIONS = NO;
				ENABLE_STRICT_OBJC_MSGSEND = YES;
				GCC_C_LANGUAGE_STANDARD = gnu11;
				GCC_NO_COMMON_BLOCKS = YES;
				GCC_WARN_64_TO_32_BIT_CONVERSION = YES;
				GCC_WARN_ABOUT_RETURN_TYPE = YES_ERROR;
				GCC_WARN_UNDECLARED_SELECTOR = YES;
				GCC_WARN_UNINITIALIZED_AUTOS = YES_AGGRESSIVE;
				GCC_WARN_UNUSED_FUNCTION = YES;
				GCC_WARN_UNUSED_VARIABLE = YES;
				IPHONEOS_DEPLOYMENT_TARGET = 11.3;
				MTL_ENABLE_DEBUG_INFO = NO;
				SDKROOT = iphoneos;
				VALIDATE_PRODUCT = YES;
			};
			name = Release;
		};
		7E0A9BC22073673400524B2D /* Debug */ = {
			isa = XCBuildConfiguration;
			baseConfigurationReference = 1AFCFE7C66193EB40A569E43 /* Pods-iOSLearn.debug.xcconfig */;
			buildSettings = {
				ALWAYS_SEARCH_USER_PATHS = YES;
				ASSETCATALOG_COMPILER_APPICON_NAME = AppIcon;
				CODE_SIGN_STYLE = Automatic;
				DEVELOPMENT_TEAM = HHH85LCW4M;
				GCC_PREFIX_HEADER = "$(PROJECT_DIR)/iOSLearn/PrefixHeader.pch";
				INFOPLIST_FILE = iOSLearn/Info.plist;
				IPHONEOS_DEPLOYMENT_TARGET = 9.0;
				LD_RUNPATH_SEARCH_PATHS = (
					"$(inherited)",
					"@executable_path/Frameworks",
				);
				PRODUCT_BUNDLE_IDENTIFIER = com.Avatar.iOSLearn;
				PRODUCT_NAME = "$(TARGET_NAME)";
				TARGETED_DEVICE_FAMILY = "1,2";
				USER_HEADER_SEARCH_PATHS = "";
			};
			name = Debug;
		};
		7E0A9BC32073673400524B2D /* Release */ = {
			isa = XCBuildConfiguration;
			baseConfigurationReference = 0D2F83B2AF978F74272CFF11 /* Pods-iOSLearn.release.xcconfig */;
			buildSettings = {
				ALWAYS_SEARCH_USER_PATHS = YES;
				ASSETCATALOG_COMPILER_APPICON_NAME = AppIcon;
				CODE_SIGN_STYLE = Automatic;
				DEVELOPMENT_TEAM = HHH85LCW4M;
				GCC_PREFIX_HEADER = "$(PROJECT_DIR)/iOSLearn/PrefixHeader.pch";
				INFOPLIST_FILE = iOSLearn/Info.plist;
				IPHONEOS_DEPLOYMENT_TARGET = 9.0;
				LD_RUNPATH_SEARCH_PATHS = (
					"$(inherited)",
					"@executable_path/Frameworks",
				);
				PRODUCT_BUNDLE_IDENTIFIER = com.Avatar.iOSLearn;
				PRODUCT_NAME = "$(TARGET_NAME)";
				TARGETED_DEVICE_FAMILY = "1,2";
				USER_HEADER_SEARCH_PATHS = "";
			};
			name = Release;
		};
		7E0A9BC52073673400524B2D /* Debug */ = {
			isa = XCBuildConfiguration;
			buildSettings = {
				BUNDLE_LOADER = "$(TEST_HOST)";
				CODE_SIGN_STYLE = Automatic;
				INFOPLIST_FILE = iOSLearnTests/Info.plist;
				LD_RUNPATH_SEARCH_PATHS = (
					"$(inherited)",
					"@executable_path/Frameworks",
					"@loader_path/Frameworks",
				);
				PRODUCT_BUNDLE_IDENTIFIER = com.Avatar.iOSLearnTests;
				PRODUCT_NAME = "$(TARGET_NAME)";
				TARGETED_DEVICE_FAMILY = "1,2";
				TEST_HOST = "$(BUILT_PRODUCTS_DIR)/iOSLearn.app/iOSLearn";
			};
			name = Debug;
		};
		7E0A9BC62073673400524B2D /* Release */ = {
			isa = XCBuildConfiguration;
			buildSettings = {
				BUNDLE_LOADER = "$(TEST_HOST)";
				CODE_SIGN_STYLE = Automatic;
				INFOPLIST_FILE = iOSLearnTests/Info.plist;
				LD_RUNPATH_SEARCH_PATHS = (
					"$(inherited)",
					"@executable_path/Frameworks",
					"@loader_path/Frameworks",
				);
				PRODUCT_BUNDLE_IDENTIFIER = com.Avatar.iOSLearnTests;
				PRODUCT_NAME = "$(TARGET_NAME)";
				TARGETED_DEVICE_FAMILY = "1,2";
				TEST_HOST = "$(BUILT_PRODUCTS_DIR)/iOSLearn.app/iOSLearn";
			};
			name = Release;
		};
		7E0A9BC82073673400524B2D /* Debug */ = {
			isa = XCBuildConfiguration;
			buildSettings = {
				CODE_SIGN_STYLE = Automatic;
				INFOPLIST_FILE = iOSLearnUITests/Info.plist;
				LD_RUNPATH_SEARCH_PATHS = (
					"$(inherited)",
					"@executable_path/Frameworks",
					"@loader_path/Frameworks",
				);
				PRODUCT_BUNDLE_IDENTIFIER = com.Avatar.iOSLearnUITests;
				PRODUCT_NAME = "$(TARGET_NAME)";
				TARGETED_DEVICE_FAMILY = "1,2";
				TEST_TARGET_NAME = iOSLearn;
			};
			name = Debug;
		};
		7E0A9BC92073673400524B2D /* Release */ = {
			isa = XCBuildConfiguration;
			buildSettings = {
				CODE_SIGN_STYLE = Automatic;
				INFOPLIST_FILE = iOSLearnUITests/Info.plist;
				LD_RUNPATH_SEARCH_PATHS = (
					"$(inherited)",
					"@executable_path/Frameworks",
					"@loader_path/Frameworks",
				);
				PRODUCT_BUNDLE_IDENTIFIER = com.Avatar.iOSLearnUITests;
				PRODUCT_NAME = "$(TARGET_NAME)";
				TARGETED_DEVICE_FAMILY = "1,2";
				TEST_TARGET_NAME = iOSLearn;
			};
			name = Release;
		};
/* End XCBuildConfiguration section */

/* Begin XCConfigurationList section */
		7E0A9B902073673100524B2D /* Build configuration list for PBXProject "iOSLearn" */ = {
			isa = XCConfigurationList;
			buildConfigurations = (
				7E0A9BBF2073673400524B2D /* Debug */,
				7E0A9BC02073673400524B2D /* Release */,
			);
			defaultConfigurationIsVisible = 0;
			defaultConfigurationName = Release;
		};
		7E0A9BC12073673400524B2D /* Build configuration list for PBXNativeTarget "iOSLearn" */ = {
			isa = XCConfigurationList;
			buildConfigurations = (
				7E0A9BC22073673400524B2D /* Debug */,
				7E0A9BC32073673400524B2D /* Release */,
			);
			defaultConfigurationIsVisible = 0;
			defaultConfigurationName = Release;
		};
		7E0A9BC42073673400524B2D /* Build configuration list for PBXNativeTarget "iOSLearnTests" */ = {
			isa = XCConfigurationList;
			buildConfigurations = (
				7E0A9BC52073673400524B2D /* Debug */,
				7E0A9BC62073673400524B2D /* Release */,
			);
			defaultConfigurationIsVisible = 0;
			defaultConfigurationName = Release;
		};
		7E0A9BC72073673400524B2D /* Build configuration list for PBXNativeTarget "iOSLearnUITests" */ = {
			isa = XCConfigurationList;
			buildConfigurations = (
				7E0A9BC82073673400524B2D /* Debug */,
				7E0A9BC92073673400524B2D /* Release */,
			);
			defaultConfigurationIsVisible = 0;
			defaultConfigurationName = Release;
		};
/* End XCConfigurationList section */
	};
	rootObject = 7E0A9B8D2073673100524B2D /* Project object */;
}
